
Microsoft Visual Studio Solution File, Format Version 12.00
# Visual Studio Version 17
VisualStudioVersion = 17.5.33424.131
MinimumVisualStudioVersion = 10.0.40219.1
Project("{9A19103F-16F7-4668-BE54-9A1E7A4F7556}") = "Fernweh.KernelShared", "src\__Kernel\Fernweh.KernelShared\src\Fernweh.KernelShared.csproj", "{359C52A0-5153-4FAF-8555-ED7FC77FD56A}"
EndProject
Project("{9A19103F-16F7-4668-BE54-9A1E7A4F7556}") = "Fernweh.Common", "src\_Common\Fernweh.Common\src\Fernweh.Common.csproj", "{CCC907A3-64FF-4037-9B8E-4FB0E3CAB2A8}"
EndProject
Project("{9A19103F-16F7-4668-BE54-9A1E7A4F7556}") = "Fernweh.Service.SignalR", "src\++SignalR\Fernweh.Service.SignalR\src\Fernweh.Service.SignalR.csproj", "{890D8932-9EEE-4AA1-B715-8790B6139C58}"
EndProject
Project("{9A19103F-16F7-4668-BE54-9A1E7A4F7556}") = "TplCore", "src\+Modules\Lazy\ThePublicLibrary\____Core\_TplCore\src\TplCore.csproj", "{E32F192F-F52A-4B0D-A99E-D662E22D1AA8}"
EndProject
Project("{9A19103F-16F7-4668-BE54-9A1E7A4F7556}") = "TplCore.UnitTests", "src\+Modules\Lazy\ThePublicLibrary\____Core\_TplCore.UnitTests\src\TplCore.UnitTests.csproj", "{79E60F1E-9333-4A36-B69B-BED2A6863B67}"
EndProject
Project("{9A19103F-16F7-4668-BE54-9A1E7A4F7556}") = "TplCore.TplTestData", "src\+Modules\Lazy\ThePublicLibrary\____Core\TplCore.TplTestData\src\TplCore.TplTestData.csproj", "{3FB635E5-76F6-4C35-81C4-600ADD2D305E}"
EndProject
Project("{9A19103F-16F7-4668-BE54-9A1E7A4F7556}") = "TplInfrastructure", "src\+Modules\Lazy\ThePublicLibrary\___Infrastructure\TplInfrastructure\src\TplInfrastructure.csproj", "{8899EC41-FE1A-4EBD-9681-50B747FE70B5}"
EndProject
Project("{9A19103F-16F7-4668-BE54-9A1E7A4F7556}") = "TplInfrastructure.IntegrationTests", "src\+Modules\Lazy\ThePublicLibrary\___Infrastructure\TplInfrastructure.IntegrationTests\src\TplInfrastructure.IntegrationTests.csproj", "{21A339D1-09E1-4632-B2C1-D70CF6A14E41}"
EndProject
Project("{9A19103F-16F7-4668-BE54-9A1E7A4F7556}") = "TplApplication.Data", "src\+Modules\Lazy\ThePublicLibrary\__Data\TplApplication.Data\src\TplApplication.Data.csproj", "{94CFE7BC-5E28-497B-9CBF-98C64C207090}"
EndProject
Project("{9A19103F-16F7-4668-BE54-9A1E7A4F7556}") = "TplApplication.Shared", "src\+Modules\Lazy\ThePublicLibrary\_Application\_TplApplication.Shared\src\TplApplication.Shared.csproj", "{A96B3039-0FEC-46D5-86FD-DD36F1C0B805}"
EndProject
Project("{9A19103F-16F7-4668-BE54-9A1E7A4F7556}") = "TplApplication", "src\+Modules\Lazy\ThePublicLibrary\_Application\TplApplication\src\TplApplication.csproj", "{7A94551D-1150-458B-A1D1-BDBA5301B3A5}"
EndProject
Project("{9A19103F-16F7-4668-BE54-9A1E7A4F7556}") = "TplApplication.FeatureTests", "src\+Modules\Lazy\ThePublicLibrary\_Application\TplApplication.FeatureTests\src\TplApplication.FeatureTests.csproj", "{2FCF4F0B-CE8B-4C1E-A321-9AFB1A795073}"
EndProject
Project("{9A19103F-16F7-4668-BE54-9A1E7A4F7556}") = "TplApi", "src\+Modules\Lazy\ThePublicLibrary\+Api\TplApi\src\TplApi.csproj", "{FF6D418C-5F9C-4E8C-9CE7-D2E014AEB51C}"
EndProject
Project("{9A19103F-16F7-4668-BE54-9A1E7A4F7556}") = "TplApi.FunctionalTests", "src\+Modules\Lazy\ThePublicLibrary\+Api\TplApi.FunctionalTests\src\TplApi.FunctionalTests.csproj", "{3F3F30C7-E19A-49F8-8DB8-498A994F14A3}"
EndProject
Project("{9A19103F-16F7-4668-BE54-9A1E7A4F7556}") = "TplModuleClientServiceLoader", "src\+Modules\Lazy\ThePublicLibrary\UI\_TplModuleClientServiceLoader\src\TplModuleClientServiceLoader.csproj", "{D7B61904-29B3-4B57-91B0-25027AF86118}"
EndProject
Project("{9A19103F-16F7-4668-BE54-9A1E7A4F7556}") = "TplBlazorModule", "src\+Modules\Lazy\ThePublicLibrary\UI\TplBlazorModule\src\TplBlazorModule.csproj", "{4CFFDCB3-B8B8-4F33-87CC-1D920BC56070}"
EndProject
Project("{9A19103F-16F7-4668-BE54-9A1E7A4F7556}") = "TplBlazorModuleAdmin", "src\+Modules\Lazy\ThePublicLibrary\UI\TplBlazorModuleAdmin\src\TplBlazorModuleAdmin.csproj", "{99F09876-983D-44FA-AA6B-3B92869C127D}"
EndProject
Project("{9A19103F-16F7-4668-BE54-9A1E7A4F7556}") = "YmiCore", "src\+Modules\Lazy\YourMainIdea\____Core\_YmiCore\src\YmiCore.csproj", "{322F192F-F52A-4B0D-A99E-D662E22D1AA8}"
EndProject
Project("{9A19103F-16F7-4668-BE54-9A1E7A4F7556}") = "YmiCore.UnitTests", "src\+Modules\Lazy\YourMainIdea\____Core\_YmiCore.UnitTests\src\YmiCore.UnitTests.csproj", "{31E60F1E-9333-4A36-B69B-BED2A6863B67}"
EndProject
Project("{9A19103F-16F7-4668-BE54-9A1E7A4F7556}") = "YmiCore.YmiTestData", "src\+Modules\Lazy\YourMainIdea\____Core\YmiCore.YmiTestData\src\YmiCore.YmiTestData.csproj", "{26B635E5-76F6-4C35-81C4-600ADD2D305E}"
EndProject
Project("{9A19103F-16F7-4668-BE54-9A1E7A4F7556}") = "YmiInfrastructure", "src\+Modules\Lazy\YourMainIdea\___Infrastructure\YmiInfrastructure\src\YmiInfrastructure.csproj", "{2499EC41-FE1A-4EBD-9681-50B747FE70B5}"
EndProject
Project("{9A19103F-16F7-4668-BE54-9A1E7A4F7556}") = "YmiInfrastructure.IntegrationTests", "src\+Modules\Lazy\YourMainIdea\___Infrastructure\YmiInfrastructure.IntegrationTests\src\YmiInfrastructure.IntegrationTests.csproj", "{25A339D1-09E1-4632-B2C1-D70CF6A14E41}"
EndProject
Project("{9A19103F-16F7-4668-BE54-9A1E7A4F7556}") = "YmiApplication.Data", "src\+Modules\Lazy\YourMainIdea\__Data\YmiApplication.Data\src\YmiApplication.Data.csproj", "{23CFE7BC-5E28-497B-9CBF-98C64C207090}"
EndProject
Project("{9A19103F-16F7-4668-BE54-9A1E7A4F7556}") = "YmiApplication.Shared", "src\+Modules\Lazy\YourMainIdea\_Application\_YmiApplication.Shared\src\YmiApplication.Shared.csproj", "{226B3039-0FEC-46D5-86FD-DD36F1C0B805}"
EndProject
Project("{9A19103F-16F7-4668-BE54-9A1E7A4F7556}") = "YmiApplication", "src\+Modules\Lazy\YourMainIdea\_Application\YmiApplication\src\YmiApplication.csproj", "{2194551D-1150-458B-A1D1-BDBA5301B3A5}"
EndProject
Project("{9A19103F-16F7-4668-BE54-9A1E7A4F7556}") = "YmiApplication.FeatureTests", "src\+Modules\Lazy\YourMainIdea\_Application\YmiApplication.FeatureTests\src\YmiApplication.FeatureTests.csproj", "{16CF4F0B-CE8B-4C1E-A321-9AFB1A795073}"
EndProject
Project("{9A19103F-16F7-4668-BE54-9A1E7A4F7556}") = "YmiApi", "src\+Modules\Lazy\YourMainIdea\+Api\YmiApi\src\YmiApi.csproj", "{156D418C-5F9C-4E8C-9CE7-D2E014AEB51C}"
EndProject
Project("{9A19103F-16F7-4668-BE54-9A1E7A4F7556}") = "YmiApi.FunctionalTests", "src\+Modules\Lazy\YourMainIdea\+Api\YmiApi.FunctionalTests\src\YmiApi.FunctionalTests.csproj", "{143F30C7-E19A-49F8-8DB8-498A994F14A3}"
EndProject
Project("{9A19103F-16F7-4668-BE54-9A1E7A4F7556}") = "YmiModuleClientServiceLoader", "src\+Modules\Lazy\YourMainIdea\UI\_YmiModuleClientServiceLoader\src\YmiModuleClientServiceLoader.csproj", "{13B61904-29B3-4B57-91B0-25027AF86118}"
EndProject
Project("{9A19103F-16F7-4668-BE54-9A1E7A4F7556}") = "YmiBlazorModule", "src\+Modules\Lazy\YourMainIdea\UI\YmiBlazorModule\src\YmiBlazorModule.csproj", "{12FFDCB3-B8B8-4F33-87CC-1D920BC56070}"
EndProject
Project("{9A19103F-16F7-4668-BE54-9A1E7A4F7556}") = "YmiBlazorModuleAdmin", "src\+Modules\Lazy\YourMainIdea\UI\YmiBlazorModuleAdmin\src\YmiBlazorModuleAdmin.csproj", "{11F09876-983D-44FA-AA6B-3B92869C127D}"
EndProject
Project("{9A19103F-16F7-4668-BE54-9A1E7A4F7556}") = "Fernweh.BlazorClient", "src\UI\Client\Fernweh.BlazorClient\src\Fernweh.BlazorClient.csproj", "{7DACA9D7-C588-4A36-8D01-D2D771598B2F}"
EndProject
Project("{9A19103F-16F7-4668-BE54-9A1E7A4F7556}") = "Fernweh.BlazorClient.UITests", "src\UI\Client\Fernweh.BlazorClient.UITests\src\Fernweh.BlazorClient.UITests.csproj", "{4345B971-C3B0-4170-A208-2B431D4B780A}"
EndProject
Project("{9A19103F-16F7-4668-BE54-9A1E7A4F7556}") = "Fernweh.BlazorClient.UIUnitTests", "src\UI\Client\Fernweh.BlazorClient.UIUnitTests\src\Fernweh.BlazorClient.UIUnitTests.csproj", "{4CF78E23-3005-4670-888F-8F6EE4E08CFE}"
EndProject
Project("{2150E333-8FDC-42A3-9474-1A3956D46DE8}") = "+Modules", "+Modules", "{7F4F6B59-95D3-4781-9A65-B142B7B1C448}"
EndProject
Project("{2150E333-8FDC-42A3-9474-1A3956D46DE8}") = "UI", "UI", "{A7BEB6FB-2D1A-4054-BEC6-F0AB77BC46E8}"
EndProject
Project("{2150E333-8FDC-42A3-9474-1A3956D46DE8}") = "ThePublicLibrary", "ThePublicLibrary", "{E032DA74-08AF-44F5-8140-1D35C7B308F9}"
EndProject
Project("{2150E333-8FDC-42A3-9474-1A3956D46DE8}") = "YourMainIdea", "YourMainIdea", "{9A125947-3134-40EC-9BB3-BBA02C67375C}"
EndProject
Project("{2150E333-8FDC-42A3-9474-1A3956D46DE8}") = "++SignalR", "++SignalR", "{E95097B5-1A28-4685-8504-14B6BE8B6ED8}"
EndProject
Project("{2150E333-8FDC-42A3-9474-1A3956D46DE8}") = "++Identity", "++Identity", "{A76B8CAD-D5AA-423D-A1F8-000518196632}"
EndProject
Project("{2150E333-8FDC-42A3-9474-1A3956D46DE8}") = "_Kernel", "_Kernel", "{08C13FE7-9071-46A3-B9BE-3941FF04C813}"
EndProject
Project("{2150E333-8FDC-42A3-9474-1A3956D46DE8}") = "_Common", "_Common", "{1151DB5C-BA25-4E70-AEEA-C052C86B86A8}"
EndProject
Project("{2150E333-8FDC-42A3-9474-1A3956D46DE8}") = "___Core", "___Core", "{1DE2958D-F86D-46E2-9157-0CCD418C5A0D}"
EndProject
Project("{2150E333-8FDC-42A3-9474-1A3956D46DE8}") = "_Application", "_Application", "{F42D7AFA-A120-433A-BA2F-1764E4CB692E}"
EndProject
Project("{2150E333-8FDC-42A3-9474-1A3956D46DE8}") = "__Infrastructure", "__Infrastructure", "{D6E491BC-9021-4D60-8E0A-9888F5B0382E}"
EndProject
Project("{2150E333-8FDC-42A3-9474-1A3956D46DE8}") = "+Api", "+Api", "{96DAA5F4-785B-4FF0-8135-8BB9F6DA434E}"
EndProject
Project("{2150E333-8FDC-42A3-9474-1A3956D46DE8}") = "UI", "UI", "{2EB699D0-2664-47B4-A43C-675651BE8742}"
EndProject
Project("{2150E333-8FDC-42A3-9474-1A3956D46DE8}") = "___Core", "___Core", "{58B84FF6-C549-4556-B424-C329E564CABD}"
EndProject
Project("{2150E333-8FDC-42A3-9474-1A3956D46DE8}") = "__Infrastructure", "__Infrastructure", "{8488E246-8C15-4E3B-B916-00CD2299C14C}"
EndProject
Project("{2150E333-8FDC-42A3-9474-1A3956D46DE8}") = "_Application", "_Application", "{78E1D3FE-7A2B-49CF-8197-8A34A6C32D5F}"
EndProject
Project("{2150E333-8FDC-42A3-9474-1A3956D46DE8}") = "+Api", "+Api", "{8B40B240-A260-4FE8-8126-35551C2C593F}"
EndProject
Project("{2150E333-8FDC-42A3-9474-1A3956D46DE8}") = "UI", "UI", "{7148F843-2DF9-4CEC-95ED-FDF1BE85596E}"
EndProject
Global
	GlobalSection(SolutionConfigurationPlatforms) = preSolution
		Debug|Any CPU = Debug|Any CPU
		Release|Any CPU = Release|Any CPU
	EndGlobalSection
	GlobalSection(ProjectConfigurationPlatforms) = postSolution
		{359C52A0-5153-4FAF-8555-ED7FC77FD56A}.Debug|Any CPU.ActiveCfg = Debug|Any CPU
		{359C52A0-5153-4FAF-8555-ED7FC77FD56A}.Debug|Any CPU.Build.0 = Debug|Any CPU
		{359C52A0-5153-4FAF-8555-ED7FC77FD56A}.Release|Any CPU.ActiveCfg = Release|Any CPU
		{359C52A0-5153-4FAF-8555-ED7FC77FD56A}.Release|Any CPU.Build.0 = Release|Any CPU
		{CCC907A3-64FF-4037-9B8E-4FB0E3CAB2A8}.Debug|Any CPU.ActiveCfg = Debug|Any CPU
		{CCC907A3-64FF-4037-9B8E-4FB0E3CAB2A8}.Debug|Any CPU.Build.0 = Debug|Any CPU
		{CCC907A3-64FF-4037-9B8E-4FB0E3CAB2A8}.Release|Any CPU.ActiveCfg = Release|Any CPU
		{CCC907A3-64FF-4037-9B8E-4FB0E3CAB2A8}.Release|Any CPU.Build.0 = Release|Any CPU
		{890D8932-9EEE-4AA1-B715-8790B6139C58}.Debug|Any CPU.ActiveCfg = Debug|Any CPU
		{890D8932-9EEE-4AA1-B715-8790B6139C58}.Debug|Any CPU.Build.0 = Debug|Any CPU
		{890D8932-9EEE-4AA1-B715-8790B6139C58}.Release|Any CPU.ActiveCfg = Release|Any CPU
		{890D8932-9EEE-4AA1-B715-8790B6139C58}.Release|Any CPU.Build.0 = Release|Any CPU
		{E32F192F-F52A-4B0D-A99E-D662E22D1AA8}.Debug|Any CPU.ActiveCfg = Debug|Any CPU
		{E32F192F-F52A-4B0D-A99E-D662E22D1AA8}.Debug|Any CPU.Build.0 = Debug|Any CPU
		{E32F192F-F52A-4B0D-A99E-D662E22D1AA8}.Release|Any CPU.ActiveCfg = Release|Any CPU
		{E32F192F-F52A-4B0D-A99E-D662E22D1AA8}.Release|Any CPU.Build.0 = Release|Any CPU
		{79E60F1E-9333-4A36-B69B-BED2A6863B67}.Debug|Any CPU.ActiveCfg = Debug|Any CPU
		{79E60F1E-9333-4A36-B69B-BED2A6863B67}.Debug|Any CPU.Build.0 = Debug|Any CPU
		{79E60F1E-9333-4A36-B69B-BED2A6863B67}.Release|Any CPU.ActiveCfg = Release|Any CPU
		{79E60F1E-9333-4A36-B69B-BED2A6863B67}.Release|Any CPU.Build.0 = Release|Any CPU
		{3FB635E5-76F6-4C35-81C4-600ADD2D305E}.Debug|Any CPU.ActiveCfg = Debug|Any CPU
		{3FB635E5-76F6-4C35-81C4-600ADD2D305E}.Debug|Any CPU.Build.0 = Debug|Any CPU
		{3FB635E5-76F6-4C35-81C4-600ADD2D305E}.Release|Any CPU.ActiveCfg = Release|Any CPU
		{3FB635E5-76F6-4C35-81C4-600ADD2D305E}.Release|Any CPU.Build.0 = Release|Any CPU
		{8899EC41-FE1A-4EBD-9681-50B747FE70B5}.Debug|Any CPU.ActiveCfg = Debug|Any CPU
		{8899EC41-FE1A-4EBD-9681-50B747FE70B5}.Debug|Any CPU.Build.0 = Debug|Any CPU
		{8899EC41-FE1A-4EBD-9681-50B747FE70B5}.Release|Any CPU.ActiveCfg = Release|Any CPU
		{8899EC41-FE1A-4EBD-9681-50B747FE70B5}.Release|Any CPU.Build.0 = Release|Any CPU
		{21A339D1-09E1-4632-B2C1-D70CF6A14E41}.Debug|Any CPU.ActiveCfg = Debug|Any CPU
		{21A339D1-09E1-4632-B2C1-D70CF6A14E41}.Debug|Any CPU.Build.0 = Debug|Any CPU
		{21A339D1-09E1-4632-B2C1-D70CF6A14E41}.Release|Any CPU.ActiveCfg = Release|Any CPU
		{21A339D1-09E1-4632-B2C1-D70CF6A14E41}.Release|Any CPU.Build.0 = Release|Any CPU
		{94CFE7BC-5E28-497B-9CBF-98C64C207090}.Debug|Any CPU.ActiveCfg = Debug|Any CPU
		{94CFE7BC-5E28-497B-9CBF-98C64C207090}.Debug|Any CPU.Build.0 = Debug|Any CPU
		{94CFE7BC-5E28-497B-9CBF-98C64C207090}.Release|Any CPU.ActiveCfg = Release|Any CPU
		{94CFE7BC-5E28-497B-9CBF-98C64C207090}.Release|Any CPU.Build.0 = Release|Any CPU
		{A96B3039-0FEC-46D5-86FD-DD36F1C0B805}.Debug|Any CPU.ActiveCfg = Debug|Any CPU
		{A96B3039-0FEC-46D5-86FD-DD36F1C0B805}.Debug|Any CPU.Build.0 = Debug|Any CPU
		{A96B3039-0FEC-46D5-86FD-DD36F1C0B805}.Release|Any CPU.ActiveCfg = Release|Any CPU
		{A96B3039-0FEC-46D5-86FD-DD36F1C0B805}.Release|Any CPU.Build.0 = Release|Any CPU
		{7A94551D-1150-458B-A1D1-BDBA5301B3A5}.Debug|Any CPU.ActiveCfg = Debug|Any CPU
		{7A94551D-1150-458B-A1D1-BDBA5301B3A5}.Debug|Any CPU.Build.0 = Debug|Any CPU
		{7A94551D-1150-458B-A1D1-BDBA5301B3A5}.Release|Any CPU.ActiveCfg = Release|Any CPU
		{7A94551D-1150-458B-A1D1-BDBA5301B3A5}.Release|Any CPU.Build.0 = Release|Any CPU
		{2FCF4F0B-CE8B-4C1E-A321-9AFB1A795073}.Debug|Any CPU.ActiveCfg = Debug|Any CPU
		{2FCF4F0B-CE8B-4C1E-A321-9AFB1A795073}.Debug|Any CPU.Build.0 = Debug|Any CPU
		{2FCF4F0B-CE8B-4C1E-A321-9AFB1A795073}.Release|Any CPU.ActiveCfg = Release|Any CPU
		{2FCF4F0B-CE8B-4C1E-A321-9AFB1A795073}.Release|Any CPU.Build.0 = Release|Any CPU
		{FF6D418C-5F9C-4E8C-9CE7-D2E014AEB51C}.Debug|Any CPU.ActiveCfg = Debug|Any CPU
		{FF6D418C-5F9C-4E8C-9CE7-D2E014AEB51C}.Debug|Any CPU.Build.0 = Debug|Any CPU
		{FF6D418C-5F9C-4E8C-9CE7-D2E014AEB51C}.Release|Any CPU.ActiveCfg = Release|Any CPU
		{FF6D418C-5F9C-4E8C-9CE7-D2E014AEB51C}.Release|Any CPU.Build.0 = Release|Any CPU
		{3F3F30C7-E19A-49F8-8DB8-498A994F14A3}.Debug|Any CPU.ActiveCfg = Debug|Any CPU
		{3F3F30C7-E19A-49F8-8DB8-498A994F14A3}.Debug|Any CPU.Build.0 = Debug|Any CPU
		{3F3F30C7-E19A-49F8-8DB8-498A994F14A3}.Release|Any CPU.ActiveCfg = Release|Any CPU
		{3F3F30C7-E19A-49F8-8DB8-498A994F14A3}.Release|Any CPU.Build.0 = Release|Any CPU
		{D7B61904-29B3-4B57-91B0-25027AF86118}.Debug|Any CPU.ActiveCfg = Debug|Any CPU
		{D7B61904-29B3-4B57-91B0-25027AF86118}.Debug|Any CPU.Build.0 = Debug|Any CPU
		{D7B61904-29B3-4B57-91B0-25027AF86118}.Release|Any CPU.ActiveCfg = Release|Any CPU
		{D7B61904-29B3-4B57-91B0-25027AF86118}.Release|Any CPU.Build.0 = Release|Any CPU
		{4CFFDCB3-B8B8-4F33-87CC-1D920BC56070}.Debug|Any CPU.ActiveCfg = Debug|Any CPU
		{4CFFDCB3-B8B8-4F33-87CC-1D920BC56070}.Debug|Any CPU.Build.0 = Debug|Any CPU
		{4CFFDCB3-B8B8-4F33-87CC-1D920BC56070}.Release|Any CPU.ActiveCfg = Release|Any CPU
		{4CFFDCB3-B8B8-4F33-87CC-1D920BC56070}.Release|Any CPU.Build.0 = Release|Any CPU
		{99F09876-983D-44FA-AA6B-3B92869C127D}.Debug|Any CPU.ActiveCfg = Debug|Any CPU
		{99F09876-983D-44FA-AA6B-3B92869C127D}.Debug|Any CPU.Build.0 = Debug|Any CPU
		{99F09876-983D-44FA-AA6B-3B92869C127D}.Release|Any CPU.ActiveCfg = Release|Any CPU
		{99F09876-983D-44FA-AA6B-3B92869C127D}.Release|Any CPU.Build.0 = Release|Any CPU
		{322F192F-F52A-4B0D-A99E-D662E22D1AA8}.Debug|Any CPU.ActiveCfg = Debug|Any CPU
		{322F192F-F52A-4B0D-A99E-D662E22D1AA8}.Debug|Any CPU.Build.0 = Debug|Any CPU
		{322F192F-F52A-4B0D-A99E-D662E22D1AA8}.Release|Any CPU.ActiveCfg = Release|Any CPU
		{322F192F-F52A-4B0D-A99E-D662E22D1AA8}.Release|Any CPU.Build.0 = Release|Any CPU
		{31E60F1E-9333-4A36-B69B-BED2A6863B67}.Debug|Any CPU.ActiveCfg = Debug|Any CPU
		{31E60F1E-9333-4A36-B69B-BED2A6863B67}.Debug|Any CPU.Build.0 = Debug|Any CPU
		{31E60F1E-9333-4A36-B69B-BED2A6863B67}.Release|Any CPU.ActiveCfg = Release|Any CPU
		{31E60F1E-9333-4A36-B69B-BED2A6863B67}.Release|Any CPU.Build.0 = Release|Any CPU
		{26B635E5-76F6-4C35-81C4-600ADD2D305E}.Debug|Any CPU.ActiveCfg = Debug|Any CPU
		{26B635E5-76F6-4C35-81C4-600ADD2D305E}.Debug|Any CPU.Build.0 = Debug|Any CPU
		{26B635E5-76F6-4C35-81C4-600ADD2D305E}.Release|Any CPU.ActiveCfg = Release|Any CPU
		{26B635E5-76F6-4C35-81C4-600ADD2D305E}.Release|Any CPU.Build.0 = Release|Any CPU
		{2499EC41-FE1A-4EBD-9681-50B747FE70B5}.Debug|Any CPU.ActiveCfg = Debug|Any CPU
		{2499EC41-FE1A-4EBD-9681-50B747FE70B5}.Debug|Any CPU.Build.0 = Debug|Any CPU
		{2499EC41-FE1A-4EBD-9681-50B747FE70B5}.Release|Any CPU.ActiveCfg = Release|Any CPU
		{2499EC41-FE1A-4EBD-9681-50B747FE70B5}.Release|Any CPU.Build.0 = Release|Any CPU
		{25A339D1-09E1-4632-B2C1-D70CF6A14E41}.Debug|Any CPU.ActiveCfg = Debug|Any CPU
		{25A339D1-09E1-4632-B2C1-D70CF6A14E41}.Debug|Any CPU.Build.0 = Debug|Any CPU
		{25A339D1-09E1-4632-B2C1-D70CF6A14E41}.Release|Any CPU.ActiveCfg = Release|Any CPU
		{25A339D1-09E1-4632-B2C1-D70CF6A14E41}.Release|Any CPU.Build.0 = Release|Any CPU
		{23CFE7BC-5E28-497B-9CBF-98C64C207090}.Debug|Any CPU.ActiveCfg = Debug|Any CPU
		{23CFE7BC-5E28-497B-9CBF-98C64C207090}.Debug|Any CPU.Build.0 = Debug|Any CPU
		{23CFE7BC-5E28-497B-9CBF-98C64C207090}.Release|Any CPU.ActiveCfg = Release|Any CPU
		{23CFE7BC-5E28-497B-9CBF-98C64C207090}.Release|Any CPU.Build.0 = Release|Any CPU
		{226B3039-0FEC-46D5-86FD-DD36F1C0B805}.Debug|Any CPU.ActiveCfg = Debug|Any CPU
		{226B3039-0FEC-46D5-86FD-DD36F1C0B805}.Debug|Any CPU.Build.0 = Debug|Any CPU
		{226B3039-0FEC-46D5-86FD-DD36F1C0B805}.Release|Any CPU.ActiveCfg = Release|Any CPU
		{226B3039-0FEC-46D5-86FD-DD36F1C0B805}.Release|Any CPU.Build.0 = Release|Any CPU
		{2194551D-1150-458B-A1D1-BDBA5301B3A5}.Debug|Any CPU.ActiveCfg = Debug|Any CPU
		{2194551D-1150-458B-A1D1-BDBA5301B3A5}.Debug|Any CPU.Build.0 = Debug|Any CPU
		{2194551D-1150-458B-A1D1-BDBA5301B3A5}.Release|Any CPU.ActiveCfg = Release|Any CPU
		{2194551D-1150-458B-A1D1-BDBA5301B3A5}.Release|Any CPU.Build.0 = Release|Any CPU
		{16CF4F0B-CE8B-4C1E-A321-9AFB1A795073}.Debug|Any CPU.ActiveCfg = Debug|Any CPU
		{16CF4F0B-CE8B-4C1E-A321-9AFB1A795073}.Debug|Any CPU.Build.0 = Debug|Any CPU
		{16CF4F0B-CE8B-4C1E-A321-9AFB1A795073}.Release|Any CPU.ActiveCfg = Release|Any CPU
		{16CF4F0B-CE8B-4C1E-A321-9AFB1A795073}.Release|Any CPU.Build.0 = Release|Any CPU
		{156D418C-5F9C-4E8C-9CE7-D2E014AEB51C}.Debug|Any CPU.ActiveCfg = Debug|Any CPU
		{156D418C-5F9C-4E8C-9CE7-D2E014AEB51C}.Debug|Any CPU.Build.0 = Debug|Any CPU
		{156D418C-5F9C-4E8C-9CE7-D2E014AEB51C}.Release|Any CPU.ActiveCfg = Release|Any CPU
		{156D418C-5F9C-4E8C-9CE7-D2E014AEB51C}.Release|Any CPU.Build.0 = Release|Any CPU
		{143F30C7-E19A-49F8-8DB8-498A994F14A3}.Debug|Any CPU.ActiveCfg = Debug|Any CPU
		{143F30C7-E19A-49F8-8DB8-498A994F14A3}.Debug|Any CPU.Build.0 = Debug|Any CPU
		{143F30C7-E19A-49F8-8DB8-498A994F14A3}.Release|Any CPU.ActiveCfg = Release|Any CPU
		{143F30C7-E19A-49F8-8DB8-498A994F14A3}.Release|Any CPU.Build.0 = Release|Any CPU
		{13B61904-29B3-4B57-91B0-25027AF86118}.Debug|Any CPU.ActiveCfg = Debug|Any CPU
		{13B61904-29B3-4B57-91B0-25027AF86118}.Debug|Any CPU.Build.0 = Debug|Any CPU
		{13B61904-29B3-4B57-91B0-25027AF86118}.Release|Any CPU.ActiveCfg = Release|Any CPU
		{13B61904-29B3-4B57-91B0-25027AF86118}.Release|Any CPU.Build.0 = Release|Any CPU
		{12FFDCB3-B8B8-4F33-87CC-1D920BC56070}.Debug|Any CPU.ActiveCfg = Debug|Any CPU
		{12FFDCB3-B8B8-4F33-87CC-1D920BC56070}.Debug|Any CPU.Build.0 = Debug|Any CPU
		{12FFDCB3-B8B8-4F33-87CC-1D920BC56070}.Release|Any CPU.ActiveCfg = Release|Any CPU
		{12FFDCB3-B8B8-4F33-87CC-1D920BC56070}.Release|Any CPU.Build.0 = Release|Any CPU
		{11F09876-983D-44FA-AA6B-3B92869C127D}.Debug|Any CPU.ActiveCfg = Debug|Any CPU
		{11F09876-983D-44FA-AA6B-3B92869C127D}.Debug|Any CPU.Build.0 = Debug|Any CPU
		{11F09876-983D-44FA-AA6B-3B92869C127D}.Release|Any CPU.ActiveCfg = Release|Any CPU
		{11F09876-983D-44FA-AA6B-3B92869C127D}.Release|Any CPU.Build.0 = Release|Any CPU
		{7DACA9D7-C588-4A36-8D01-D2D771598B2F}.Debug|Any CPU.ActiveCfg = Debug|Any CPU
		{7DACA9D7-C588-4A36-8D01-D2D771598B2F}.Debug|Any CPU.Build.0 = Debug|Any CPU
		{7DACA9D7-C588-4A36-8D01-D2D771598B2F}.Release|Any CPU.ActiveCfg = Release|Any CPU
		{7DACA9D7-C588-4A36-8D01-D2D771598B2F}.Release|Any CPU.Build.0 = Release|Any CPU
		{4345B971-C3B0-4170-A208-2B431D4B780A}.Debug|Any CPU.ActiveCfg = Debug|Any CPU
		{4345B971-C3B0-4170-A208-2B431D4B780A}.Debug|Any CPU.Build.0 = Debug|Any CPU
		{4345B971-C3B0-4170-A208-2B431D4B780A}.Release|Any CPU.ActiveCfg = Release|Any CPU
		{4345B971-C3B0-4170-A208-2B431D4B780A}.Release|Any CPU.Build.0 = Release|Any CPU
		{4CF78E23-3005-4670-888F-8F6EE4E08CFE}.Debug|Any CPU.ActiveCfg = Debug|Any CPU
		{4CF78E23-3005-4670-888F-8F6EE4E08CFE}.Debug|Any CPU.Build.0 = Debug|Any CPU
		{4CF78E23-3005-4670-888F-8F6EE4E08CFE}.Release|Any CPU.ActiveCfg = Release|Any CPU
		{4CF78E23-3005-4670-888F-8F6EE4E08CFE}.Release|Any CPU.Build.0 = Release|Any CPU
	EndGlobalSection
	GlobalSection(SolutionProperties) = preSolution
		HideSolutionNode = FALSE
	EndGlobalSection
	GlobalSection(NestedProjects) = preSolution
		{359C52A0-5153-4FAF-8555-ED7FC77FD56A} = {08C13FE7-9071-46A3-B9BE-3941FF04C813}
		{CCC907A3-64FF-4037-9B8E-4FB0E3CAB2A8} = {A7BEB6FB-2D1A-4054-BEC6-F0AB77BC46E8}
		{890D8932-9EEE-4AA1-B715-8790B6139C58} = {E95097B5-1A28-4685-8504-14B6BE8B6ED8}
		{E32F192F-F52A-4B0D-A99E-D662E22D1AA8} = {1DE2958D-F86D-46E2-9157-0CCD418C5A0D}
		{79E60F1E-9333-4A36-B69B-BED2A6863B67} = {1DE2958D-F86D-46E2-9157-0CCD418C5A0D}
		{3FB635E5-76F6-4C35-81C4-600ADD2D305E} = {1DE2958D-F86D-46E2-9157-0CCD418C5A0D}
		{8899EC41-FE1A-4EBD-9681-50B747FE70B5} = {D6E491BC-9021-4D60-8E0A-9888F5B0382E}
		{21A339D1-09E1-4632-B2C1-D70CF6A14E41} = {D6E491BC-9021-4D60-8E0A-9888F5B0382E}
		{94CFE7BC-5E28-497B-9CBF-98C64C207090} = {F42D7AFA-A120-433A-BA2F-1764E4CB692E}
		{A96B3039-0FEC-46D5-86FD-DD36F1C0B805} = {F42D7AFA-A120-433A-BA2F-1764E4CB692E}
		{7A94551D-1150-458B-A1D1-BDBA5301B3A5} = {F42D7AFA-A120-433A-BA2F-1764E4CB692E}
		{2FCF4F0B-CE8B-4C1E-A321-9AFB1A795073} = {F42D7AFA-A120-433A-BA2F-1764E4CB692E}
		{FF6D418C-5F9C-4E8C-9CE7-D2E014AEB51C} = {96DAA5F4-785B-4FF0-8135-8BB9F6DA434E}
		{3F3F30C7-E19A-49F8-8DB8-498A994F14A3} = {96DAA5F4-785B-4FF0-8135-8BB9F6DA434E}
		{D7B61904-29B3-4B57-91B0-25027AF86118} = {2EB699D0-2664-47B4-A43C-675651BE8742}
		{4CFFDCB3-B8B8-4F33-87CC-1D920BC56070} = {2EB699D0-2664-47B4-A43C-675651BE8742}
		{99F09876-983D-44FA-AA6B-3B92869C127D} = {2EB699D0-2664-47B4-A43C-675651BE8742}
		{322F192F-F52A-4B0D-A99E-D662E22D1AA8} = {58B84FF6-C549-4556-B424-C329E564CABD}
		{31E60F1E-9333-4A36-B69B-BED2A6863B67} = {58B84FF6-C549-4556-B424-C329E564CABD}
		{26B635E5-76F6-4C35-81C4-600ADD2D305E} = {58B84FF6-C549-4556-B424-C329E564CABD}
		{2499EC41-FE1A-4EBD-9681-50B747FE70B5} = {8488E246-8C15-4E3B-B916-00CD2299C14C}
		{25A339D1-09E1-4632-B2C1-D70CF6A14E41} = {8488E246-8C15-4E3B-B916-00CD2299C14C}
		{23CFE7BC-5E28-497B-9CBF-98C64C207090} = {78E1D3FE-7A2B-49CF-8197-8A34A6C32D5F}
		{226B3039-0FEC-46D5-86FD-DD36F1C0B805} = {78E1D3FE-7A2B-49CF-8197-8A34A6C32D5F}
		{2194551D-1150-458B-A1D1-BDBA5301B3A5} = {78E1D3FE-7A2B-49CF-8197-8A34A6C32D5F}
		{16CF4F0B-CE8B-4C1E-A321-9AFB1A795073} = {78E1D3FE-7A2B-49CF-8197-8A34A6C32D5F}
		{156D418C-5F9C-4E8C-9CE7-D2E014AEB51C} = {8B40B240-A260-4FE8-8126-35551C2C593F}
		{143F30C7-E19A-49F8-8DB8-498A994F14A3} = {8B40B240-A260-4FE8-8126-35551C2C593F}
		{13B61904-29B3-4B57-91B0-25027AF86118} = {7148F843-2DF9-4CEC-95ED-FDF1BE85596E}
		{12FFDCB3-B8B8-4F33-87CC-1D920BC56070} = {7148F843-2DF9-4CEC-95ED-FDF1BE85596E}
		{11F09876-983D-44FA-AA6B-3B92869C127D} = {7148F843-2DF9-4CEC-95ED-FDF1BE85596E}
		{7DACA9D7-C588-4A36-8D01-D2D771598B2F} = {A7BEB6FB-2D1A-4054-BEC6-F0AB77BC46E8}
		{4345B971-C3B0-4170-A208-2B431D4B780A} = {A7BEB6FB-2D1A-4054-BEC6-F0AB77BC46E8}
		{4CF78E23-3005-4670-888F-8F6EE4E08CFE} = {A7BEB6FB-2D1A-4054-BEC6-F0AB77BC46E8}
		{E032DA74-08AF-44F5-8140-1D35C7B308F9} = {7F4F6B59-95D3-4781-9A65-B142B7B1C448}
		{9A125947-3134-40EC-9BB3-BBA02C67375C} = {7F4F6B59-95D3-4781-9A65-B142B7B1C448}
		{1151DB5C-BA25-4E70-AEEA-C052C86B86A8} = {A7BEB6FB-2D1A-4054-BEC6-F0AB77BC46E8}
		{1DE2958D-F86D-46E2-9157-0CCD418C5A0D} = {E032DA74-08AF-44F5-8140-1D35C7B308F9}
		{F42D7AFA-A120-433A-BA2F-1764E4CB692E} = {E032DA74-08AF-44F5-8140-1D35C7B308F9}
		{D6E491BC-9021-4D60-8E0A-9888F5B0382E} = {E032DA74-08AF-44F5-8140-1D35C7B308F9}
		{96DAA5F4-785B-4FF0-8135-8BB9F6DA434E} = {E032DA74-08AF-44F5-8140-1D35C7B308F9}
		{2EB699D0-2664-47B4-A43C-675651BE8742} = {E032DA74-08AF-44F5-8140-1D35C7B308F9}
		{58B84FF6-C549-4556-B424-C329E564CABD} = {9A125947-3134-40EC-9BB3-BBA02C67375C}
		{8488E246-8C15-4E3B-B916-00CD2299C14C} = {9A125947-3134-40EC-9BB3-BBA02C67375C}
		{78E1D3FE-7A2B-49CF-8197-8A34A6C32D5F} = {9A125947-3134-40EC-9BB3-BBA02C67375C}
		{8B40B240-A260-4FE8-8126-35551C2C593F} = {9A125947-3134-40EC-9BB3-BBA02C67375C}
		{7148F843-2DF9-4CEC-95ED-FDF1BE85596E} = {9A125947-3134-40EC-9BB3-BBA02C67375C}
	EndGlobalSection
	GlobalSection(ExtensibilityGlobals) = postSolution
		SolutionGuid = {01A075BA-DDB5-4207-B569-34142D402C83}
	EndGlobalSection
EndGlobal
