
Microsoft Visual Studio Solution File, Format Version 12.00
# Visual Studio Version 17
VisualStudioVersion = 17.5.001.0
MinimumVisualStudioVersion = 10.0.40219.1
Project("{2150E333-8FDC-42A3-9474-1A3956D46DE8}") = "UI", "UI", "{0929FB33-1540-486D-90ED-863C7F6C6C24}"
EndProject
Project("{9A19103F-16F7-4668-BE54-9A1E7A4F7556}") = "KnownAccountsBlazorModule", "UI\KnownAccountsBlazorModuleAdmin\KnownAccountsBlazorModule.csproj", "{5BB81087-6B6E-49D8-AFA3-4B9A38C754BE}"
EndProject
Project("{2150E333-8FDC-42A3-9474-1A3956D46DE8}") = "_KnownAccountsApi.Common", "_KnownAccountsApi.Common", "{1DB8E21C-D674-4A11-A276-FB79E98F495F}"
EndProject
Project("{9A19103F-16F7-4668-BE54-9A1E7A4F7556}") = "KnownAccountsApi.Common", "_KnownAccountsApi.Common\src\KnownAccountsApi.Common.csproj", "{9EFD52E3-92F1-4529-9B56-E3B0F3D64728}"
EndProject
Project("{2150E333-8FDC-42A3-9474-1A3956D46DE8}") = "_ModuleClientService", "_ModuleClientService", "{02191C67-41F4-46BC-A7B9-5F2899F79524}"
EndProject
Project("{9A19103F-16F7-4668-BE54-9A1E7A4F7556}") = "ModuleClientService", "_ModuleClientService\src\ModuleClientService.csproj", "{C91E8FE8-3A54-41F8-8A6D-FA765BB6A86D}"
EndProject
Project("{2150E333-8FDC-42A3-9474-1A3956D46DE8}") = "_ModuleClientServiceLoader", "_ModuleClientServiceLoader", "{C960EBC1-0196-41E6-8327-EB6E26B4BB1C}"
EndProject
Project("{9A19103F-16F7-4668-BE54-9A1E7A4F7556}") = "ModuleClientServiceLoader", "_ModuleClientServiceLoader\src\ModuleClientServiceLoader.csproj", "{7E26E3CD-E656-494F-A6C4-B9756BFF275F}"
EndProject
Project("{2150E333-8FDC-42A3-9474-1A3956D46DE8}") = "+API", "+API", "{A3537174-5CB0-4FB2-B560-5FDE45D1B6DE}"
EndProject
Project("{2150E333-8FDC-42A3-9474-1A3956D46DE8}") = "+KnownAccountsApi", "+KnownAccountsApi", "{09EA58DC-B4E8-4F3E-930E-78B8016506AB}"
EndProject
Project("{9A19103F-16F7-4668-BE54-9A1E7A4F7556}") = "KnownAccountsApi", "+API\+KnownAccountsApi\src\KnownAccountsApi.csproj", "{B2E21526-3277-4AE8-A084-D9CB582F324E}"
EndProject
Project("{2150E333-8FDC-42A3-9474-1A3956D46DE8}") = "KnownAccountsBlazorModuleAdmin", "KnownAccountsBlazorModuleAdmin", "{61C76A26-237B-4A2A-BEBE-79B7BBC41543}"
EndProject
Project("{9A19103F-16F7-4668-BE54-9A1E7A4F7556}") = "KnownAccountsBlazorModuleAdmin", "UI\KnownAccountsBlazorModuleAdmin\src\KnownAccountsBlazorModuleAdmin.csproj", "{93CCCCCC-BCFB-4907-BFF1-13EDA035D747}"
EndProject
Project("{2150E333-8FDC-42A3-9474-1A3956D46DE8}") = "___Infrastructure", "___Infrastructure", "{6699AA5F-B3A4-4E8B-8632-AE8E268297A1}"
EndProject
Project("{2150E333-8FDC-42A3-9474-1A3956D46DE8}") = "_KnownAccountsInfrastructure", "_KnownAccountsInfrastructure", "{DF2908D9-2F8F-4CD7-8541-773F05FE5DFC}"
EndProject
Project("{9A19103F-16F7-4668-BE54-9A1E7A4F7556}") = "KnownAccountsInfrastructure", "___Infrastructure\_KnownAccountsInfrastructure\src\KnownAccountsInfrastructure.csproj", "{DD046AE9-8C8F-4446-B0CF-D1CCB33E4E3D}"
EndProject
Project("{2150E333-8FDC-42A3-9474-1A3956D46DE8}") = "____Core", "____Core", "{8DD67975-639E-494C-93AB-3402653BB35D}"
EndProject
Project("{2150E333-8FDC-42A3-9474-1A3956D46DE8}") = "KnownAccountCore.UnitTests", "KnownAccountCore.UnitTests", "{09BDD31D-AE8F-463A-8DDC-A7A6425BE01E}"
EndProject
Project("{9A19103F-16F7-4668-BE54-9A1E7A4F7556}") = "TplCore.UnitTests", "____Core\KnownAccountCore.UnitTests\src\TplCore.UnitTests.csproj", "{FD181E6D-12E1-4C14-9EFB-F1AD47700D46}"
EndProject
Project("{2150E333-8FDC-42A3-9474-1A3956D46DE8}") = "_KnownAccountsCore.TestData", "_KnownAccountsCore.TestData", "{843EDE76-3CEC-4D05-A202-FE87D5AD226A}"
EndProject
Project("{9A19103F-16F7-4668-BE54-9A1E7A4F7556}") = "TplCore.TplTestData", "____Core\_KnownAccountsCore.TestData\src\TplCore.TplTestData.csproj", "{2B410F91-4EB3-4E4A-B96B-B1218622BEC4}"
EndProject
Project("{2150E333-8FDC-42A3-9474-1A3956D46DE8}") = "__KnownAccountsCore", "__KnownAccountsCore", "{B13D0DB3-A581-4750-B7A5-66538609D206}"
EndProject
Project("{9A19103F-16F7-4668-BE54-9A1E7A4F7556}") = "KnownAccountsCore", "____Core\__KnownAccountsCore\src\KnownAccountsCore.csproj", "{0ACF678C-8679-480C-B88A-55E3543CEC77}"
EndProject
Global
	GlobalSection(SolutionConfigurationPlatforms) = preSolution
		Debug|Any CPU = Debug|Any CPU
		Release|Any CPU = Release|Any CPU
	EndGlobalSection
	GlobalSection(ProjectConfigurationPlatforms) = postSolution
		{5BB81087-6B6E-49D8-AFA3-4B9A38C754BE}.Debug|Any CPU.ActiveCfg = Debug|Any CPU
		{5BB81087-6B6E-49D8-AFA3-4B9A38C754BE}.Debug|Any CPU.Build.0 = Debug|Any CPU
		{5BB81087-6B6E-49D8-AFA3-4B9A38C754BE}.Release|Any CPU.ActiveCfg = Release|Any CPU
		{5BB81087-6B6E-49D8-AFA3-4B9A38C754BE}.Release|Any CPU.Build.0 = Release|Any CPU
		{9EFD52E3-92F1-4529-9B56-E3B0F3D64728}.Debug|Any CPU.ActiveCfg = Debug|Any CPU
		{9EFD52E3-92F1-4529-9B56-E3B0F3D64728}.Debug|Any CPU.Build.0 = Debug|Any CPU
		{9EFD52E3-92F1-4529-9B56-E3B0F3D64728}.Release|Any CPU.ActiveCfg = Release|Any CPU
		{9EFD52E3-92F1-4529-9B56-E3B0F3D64728}.Release|Any CPU.Build.0 = Release|Any CPU
		{C91E8FE8-3A54-41F8-8A6D-FA765BB6A86D}.Debug|Any CPU.ActiveCfg = Debug|Any CPU
		{C91E8FE8-3A54-41F8-8A6D-FA765BB6A86D}.Debug|Any CPU.Build.0 = Debug|Any CPU
		{C91E8FE8-3A54-41F8-8A6D-FA765BB6A86D}.Release|Any CPU.ActiveCfg = Release|Any CPU
		{C91E8FE8-3A54-41F8-8A6D-FA765BB6A86D}.Release|Any CPU.Build.0 = Release|Any CPU
		{7E26E3CD-E656-494F-A6C4-B9756BFF275F}.Debug|Any CPU.ActiveCfg = Debug|Any CPU
		{7E26E3CD-E656-494F-A6C4-B9756BFF275F}.Debug|Any CPU.Build.0 = Debug|Any CPU
		{7E26E3CD-E656-494F-A6C4-B9756BFF275F}.Release|Any CPU.ActiveCfg = Release|Any CPU
		{7E26E3CD-E656-494F-A6C4-B9756BFF275F}.Release|Any CPU.Build.0 = Release|Any CPU
		{B2E21526-3277-4AE8-A084-D9CB582F324E}.Debug|Any CPU.ActiveCfg = Debug|Any CPU
		{B2E21526-3277-4AE8-A084-D9CB582F324E}.Debug|Any CPU.Build.0 = Debug|Any CPU
		{B2E21526-3277-4AE8-A084-D9CB582F324E}.Release|Any CPU.ActiveCfg = Release|Any CPU
		{B2E21526-3277-4AE8-A084-D9CB582F324E}.Release|Any CPU.Build.0 = Release|Any CPU
		{93CCCCCC-BCFB-4907-BFF1-13EDA035D747}.Debug|Any CPU.ActiveCfg = Debug|Any CPU
		{93CCCCCC-BCFB-4907-BFF1-13EDA035D747}.Debug|Any CPU.Build.0 = Debug|Any CPU
		{93CCCCCC-BCFB-4907-BFF1-13EDA035D747}.Release|Any CPU.ActiveCfg = Release|Any CPU
		{93CCCCCC-BCFB-4907-BFF1-13EDA035D747}.Release|Any CPU.Build.0 = Release|Any CPU
		{DD046AE9-8C8F-4446-B0CF-D1CCB33E4E3D}.Debug|Any CPU.ActiveCfg = Debug|Any CPU
		{DD046AE9-8C8F-4446-B0CF-D1CCB33E4E3D}.Debug|Any CPU.Build.0 = Debug|Any CPU
		{DD046AE9-8C8F-4446-B0CF-D1CCB33E4E3D}.Release|Any CPU.ActiveCfg = Release|Any CPU
		{DD046AE9-8C8F-4446-B0CF-D1CCB33E4E3D}.Release|Any CPU.Build.0 = Release|Any CPU
		{FD181E6D-12E1-4C14-9EFB-F1AD47700D46}.Debug|Any CPU.ActiveCfg = Debug|Any CPU
		{FD181E6D-12E1-4C14-9EFB-F1AD47700D46}.Debug|Any CPU.Build.0 = Debug|Any CPU
		{FD181E6D-12E1-4C14-9EFB-F1AD47700D46}.Release|Any CPU.ActiveCfg = Release|Any CPU
		{FD181E6D-12E1-4C14-9EFB-F1AD47700D46}.Release|Any CPU.Build.0 = Release|Any CPU
		{2B410F91-4EB3-4E4A-B96B-B1218622BEC4}.Debug|Any CPU.ActiveCfg = Debug|Any CPU
		{2B410F91-4EB3-4E4A-B96B-B1218622BEC4}.Debug|Any CPU.Build.0 = Debug|Any CPU
		{2B410F91-4EB3-4E4A-B96B-B1218622BEC4}.Release|Any CPU.ActiveCfg = Release|Any CPU
		{2B410F91-4EB3-4E4A-B96B-B1218622BEC4}.Release|Any CPU.Build.0 = Release|Any CPU
		{0ACF678C-8679-480C-B88A-55E3543CEC77}.Debug|Any CPU.ActiveCfg = Debug|Any CPU
		{0ACF678C-8679-480C-B88A-55E3543CEC77}.Debug|Any CPU.Build.0 = Debug|Any CPU
		{0ACF678C-8679-480C-B88A-55E3543CEC77}.Release|Any CPU.ActiveCfg = Release|Any CPU
		{0ACF678C-8679-480C-B88A-55E3543CEC77}.Release|Any CPU.Build.0 = Release|Any CPU
	EndGlobalSection
	GlobalSection(SolutionProperties) = preSolution
		HideSolutionNode = FALSE
	EndGlobalSection
	GlobalSection(NestedProjects) = preSolution
		{5BB81087-6B6E-49D8-AFA3-4B9A38C754BE} = {0929FB33-1540-486D-90ED-863C7F6C6C24}
		{9EFD52E3-92F1-4529-9B56-E3B0F3D64728} = {1DB8E21C-D674-4A11-A276-FB79E98F495F}
		{C91E8FE8-3A54-41F8-8A6D-FA765BB6A86D} = {02191C67-41F4-46BC-A7B9-5F2899F79524}
		{7E26E3CD-E656-494F-A6C4-B9756BFF275F} = {C960EBC1-0196-41E6-8327-EB6E26B4BB1C}
		{09EA58DC-B4E8-4F3E-930E-78B8016506AB} = {A3537174-5CB0-4FB2-B560-5FDE45D1B6DE}
		{B2E21526-3277-4AE8-A084-D9CB582F324E} = {09EA58DC-B4E8-4F3E-930E-78B8016506AB}
		{61C76A26-237B-4A2A-BEBE-79B7BBC41543} = {0929FB33-1540-486D-90ED-863C7F6C6C24}
		{93CCCCCC-BCFB-4907-BFF1-13EDA035D747} = {61C76A26-237B-4A2A-BEBE-79B7BBC41543}
		{DF2908D9-2F8F-4CD7-8541-773F05FE5DFC} = {6699AA5F-B3A4-4E8B-8632-AE8E268297A1}
		{DD046AE9-8C8F-4446-B0CF-D1CCB33E4E3D} = {DF2908D9-2F8F-4CD7-8541-773F05FE5DFC}
		{09BDD31D-AE8F-463A-8DDC-A7A6425BE01E} = {8DD67975-639E-494C-93AB-3402653BB35D}
		{FD181E6D-12E1-4C14-9EFB-F1AD47700D46} = {09BDD31D-AE8F-463A-8DDC-A7A6425BE01E}
		{843EDE76-3CEC-4D05-A202-FE87D5AD226A} = {8DD67975-639E-494C-93AB-3402653BB35D}
		{2B410F91-4EB3-4E4A-B96B-B1218622BEC4} = {843EDE76-3CEC-4D05-A202-FE87D5AD226A}
		{B13D0DB3-A581-4750-B7A5-66538609D206} = {8DD67975-639E-494C-93AB-3402653BB35D}
		{0ACF678C-8679-480C-B88A-55E3543CEC77} = {B13D0DB3-A581-4750-B7A5-66538609D206}
	EndGlobalSection
	GlobalSection(ExtensibilityGlobals) = postSolution
		SolutionGuid = {57563626-9A81-4C6A-82BC-3AAD15BADB1D}
	EndGlobalSection
EndGlobal
