
Microsoft Visual Studio Solution File, Format Version 12.00
# Visual Studio Version 17
VisualStudioVersion = 17.5.001.0
MinimumVisualStudioVersion = 10.0.40219.1
Project("{2150E333-8FDC-42A3-9474-1A3956D46DE8}") = "YmiCore.YmiTestData", "YmiCore.YmiTestData", "{55A4195E-1C0C-4EB4-8BCA-455526F29E0A}"
EndProject
Project("{9A19103F-16F7-4668-BE54-9A1E7A4F7556}") = "YmiCore.YmiTestData", "YmiCore.YmiTestData\src\YmiCore.YmiTestData.csproj", "{25ADEF0C-5279-4A58-A730-CC4E0F6C6DAA}"
EndProject
Project("{2150E333-8FDC-42A3-9474-1A3956D46DE8}") = "_YmiCore", "_YmiCore", "{200FC574-146D-43D4-9202-34C04368862D}"
EndProject
Project("{9A19103F-16F7-4668-BE54-9A1E7A4F7556}") = "YmiCore", "_YmiCore\src\YmiCore.csproj", "{62533242-DBE4-4504-8B88-72DC9A991F4A}"
EndProject
Project("{2150E333-8FDC-42A3-9474-1A3956D46DE8}") = "_YmiCore.UnitTests", "_YmiCore.UnitTests", "{8A754EE8-D154-446C-8E14-BEA693BDC48D}"
EndProject
Project("{9A19103F-16F7-4668-BE54-9A1E7A4F7556}") = "YmiCore.UnitTests", "_YmiCore.UnitTests\src\YmiCore.UnitTests.csproj", "{F796F2C0-7598-448D-AD6D-9AE2F6C99549}"
EndProject
Global
	GlobalSection(SolutionConfigurationPlatforms) = preSolution
		Debug|Any CPU = Debug|Any CPU
		Release|Any CPU = Release|Any CPU
	EndGlobalSection
	GlobalSection(ProjectConfigurationPlatforms) = postSolution
		{25ADEF0C-5279-4A58-A730-CC4E0F6C6DAA}.Debug|Any CPU.ActiveCfg = Debug|Any CPU
		{25ADEF0C-5279-4A58-A730-CC4E0F6C6DAA}.Debug|Any CPU.Build.0 = Debug|Any CPU
		{25ADEF0C-5279-4A58-A730-CC4E0F6C6DAA}.Release|Any CPU.ActiveCfg = Release|Any CPU
		{25ADEF0C-5279-4A58-A730-CC4E0F6C6DAA}.Release|Any CPU.Build.0 = Release|Any CPU
		{62533242-DBE4-4504-8B88-72DC9A991F4A}.Debug|Any CPU.ActiveCfg = Debug|Any CPU
		{62533242-DBE4-4504-8B88-72DC9A991F4A}.Debug|Any CPU.Build.0 = Debug|Any CPU
		{62533242-DBE4-4504-8B88-72DC9A991F4A}.Release|Any CPU.ActiveCfg = Release|Any CPU
		{62533242-DBE4-4504-8B88-72DC9A991F4A}.Release|Any CPU.Build.0 = Release|Any CPU
		{F796F2C0-7598-448D-AD6D-9AE2F6C99549}.Debug|Any CPU.ActiveCfg = Debug|Any CPU
		{F796F2C0-7598-448D-AD6D-9AE2F6C99549}.Debug|Any CPU.Build.0 = Debug|Any CPU
		{F796F2C0-7598-448D-AD6D-9AE2F6C99549}.Release|Any CPU.ActiveCfg = Release|Any CPU
		{F796F2C0-7598-448D-AD6D-9AE2F6C99549}.Release|Any CPU.Build.0 = Release|Any CPU
	EndGlobalSection
	GlobalSection(SolutionProperties) = preSolution
		HideSolutionNode = FALSE
	EndGlobalSection
	GlobalSection(NestedProjects) = preSolution
		{25ADEF0C-5279-4A58-A730-CC4E0F6C6DAA} = {55A4195E-1C0C-4EB4-8BCA-455526F29E0A}
		{62533242-DBE4-4504-8B88-72DC9A991F4A} = {200FC574-146D-43D4-9202-34C04368862D}
		{F796F2C0-7598-448D-AD6D-9AE2F6C99549} = {8A754EE8-D154-446C-8E14-BEA693BDC48D}
	EndGlobalSection
	GlobalSection(ExtensibilityGlobals) = postSolution
		SolutionGuid = {5FDB9E6F-3194-4FDB-AD9B-97359B48A554}
	EndGlobalSection
EndGlobal
