
Microsoft Visual Studio Solution File, Format Version 12.00
# Visual Studio Version 17
VisualStudioVersion = 17.5.001.0
MinimumVisualStudioVersion = 10.0.40219.1
Project("{2150E333-8FDC-42A3-9474-1A3956D46DE8}") = "+Api", "+Api", "{E4A4832B-0DDF-4D34-AA7E-5F1FF7074797}"
EndProject
Project("{2150E333-8FDC-42A3-9474-1A3956D46DE8}") = "YmiApi", "YmiApi", "{85BA1276-E45E-4F24-8718-7EF60FA3EE78}"
EndProject
Project("{9A19103F-16F7-4668-BE54-9A1E7A4F7556}") = "YmiApi", "+Api\YmiApi\src\YmiApi.csproj", "{E2121CD5-A5E7-46E7-A20A-836D58A88418}"
EndProject
Project("{2150E333-8FDC-42A3-9474-1A3956D46DE8}") = "YmiApi.FunctionalTests", "YmiApi.FunctionalTests", "{D9C87C2C-37BC-457E-B5B7-504BE223A014}"
EndProject
Project("{9A19103F-16F7-4668-BE54-9A1E7A4F7556}") = "YmiApi.FunctionalTests", "+Api\YmiApi.FunctionalTests\src\YmiApi.FunctionalTests.csproj", "{59472183-CB85-4038-8826-7BDAA1B9EE44}"
EndProject
Project("{2150E333-8FDC-42A3-9474-1A3956D46DE8}") = "UI", "UI", "{99766525-CA41-4F11-AE11-DD55C6C54B5A}"
EndProject
Project("{2150E333-8FDC-42A3-9474-1A3956D46DE8}") = "YmiBlazorModule", "YmiBlazorModule", "{30BD10CF-3AE4-466B-B00E-D760CEBF5075}"
EndProject
Project("{9A19103F-16F7-4668-BE54-9A1E7A4F7556}") = "YmiBlazorModule", "UI\YmiBlazorModule\src\YmiBlazorModule.csproj", "{E9BC0409-E7C1-4AC2-8183-CE597B8FF4E1}"
EndProject
Project("{2150E333-8FDC-42A3-9474-1A3956D46DE8}") = "YmiBlazorModuleAdmin", "YmiBlazorModuleAdmin", "{B5AB801C-202A-491A-BCFF-A2460CC1AA3C}"
EndProject
Project("{9A19103F-16F7-4668-BE54-9A1E7A4F7556}") = "YmiBlazorModuleAdmin", "UI\YmiBlazorModuleAdmin\src\YmiBlazorModuleAdmin.csproj", "{A3533E31-43C4-4599-AACE-16E7E929F96B}"
EndProject
Project("{2150E333-8FDC-42A3-9474-1A3956D46DE8}") = "_YmiModuleClientServiceLoader", "_YmiModuleClientServiceLoader", "{7165FED7-C17D-4DD6-BC84-116F7AC70411}"
EndProject
Project("{9A19103F-16F7-4668-BE54-9A1E7A4F7556}") = "YmiModuleClientServiceLoader", "UI\_YmiModuleClientServiceLoader\src\YmiModuleClientServiceLoader.csproj", "{53EEEF5C-C5D1-4C27-9607-33B1193552E1}"
EndProject
Project("{2150E333-8FDC-42A3-9474-1A3956D46DE8}") = "_Application", "_Application", "{433C3B96-B377-42FD-9907-B5124EA9046B}"
EndProject
Project("{2150E333-8FDC-42A3-9474-1A3956D46DE8}") = "YmiApplication", "YmiApplication", "{2EB98D1C-DE2A-497A-B608-3FD877427F79}"
EndProject
Project("{9A19103F-16F7-4668-BE54-9A1E7A4F7556}") = "YmiApplication", "_Application\YmiApplication\src\YmiApplication.csproj", "{10EE26BF-C2B4-4D00-95FB-A43FA369D818}"
EndProject
Project("{2150E333-8FDC-42A3-9474-1A3956D46DE8}") = "YmiApplication.FeatureTests", "YmiApplication.FeatureTests", "{B086E042-CF2B-4AC2-80BC-29AADA168F30}"
EndProject
Project("{9A19103F-16F7-4668-BE54-9A1E7A4F7556}") = "YmiApplication.FeatureTests", "_Application\YmiApplication.FeatureTests\src\YmiApplication.FeatureTests.csproj", "{E669A2C6-6C86-4CB8-84C5-0CFC111CB11B}"
EndProject
Project("{2150E333-8FDC-42A3-9474-1A3956D46DE8}") = "_YmiApplication.Shared", "_YmiApplication.Shared", "{4087B762-1407-478E-8C94-B76BC132C89C}"
EndProject
Project("{9A19103F-16F7-4668-BE54-9A1E7A4F7556}") = "YmiApplication.Shared", "_Application\_YmiApplication.Shared\src\YmiApplication.Shared.csproj", "{63829BA6-BE12-4297-B0E2-5D4FB405D120}"
EndProject
Project("{2150E333-8FDC-42A3-9474-1A3956D46DE8}") = "__Data", "__Data", "{09EF25D5-8260-44D3-90C0-337077C52DB3}"
EndProject
Project("{2150E333-8FDC-42A3-9474-1A3956D46DE8}") = "YmiApplication.Data", "YmiApplication.Data", "{774DD2E2-61C2-4D81-B339-0D4D3B70E2F8}"
EndProject
Project("{9A19103F-16F7-4668-BE54-9A1E7A4F7556}") = "YmiApplication.Data", "__Data\YmiApplication.Data\src\YmiApplication.Data.csproj", "{86EC47D2-3AE0-471F-B006-2C6B1E5BD77B}"
EndProject
Project("{2150E333-8FDC-42A3-9474-1A3956D46DE8}") = "___Infrastructure", "___Infrastructure", "{79EBF745-CA08-42D0-A681-DE954D7076B1}"
EndProject
Project("{2150E333-8FDC-42A3-9474-1A3956D46DE8}") = "YmiInfrastructure", "YmiInfrastructure", "{17E225F1-1CF2-4603-B0B8-BF029CE14AFA}"
EndProject
Project("{9A19103F-16F7-4668-BE54-9A1E7A4F7556}") = "YmiInfrastructure", "___Infrastructure\YmiInfrastructure\src\YmiInfrastructure.csproj", "{AF42E083-742D-4C53-A1AF-A8E6F20DAAF2}"
EndProject
Project("{2150E333-8FDC-42A3-9474-1A3956D46DE8}") = "YmiInfrastructure.IntegrationTests", "YmiInfrastructure.IntegrationTests", "{8557B0A2-5E6E-4F84-A189-A89CBECCD128}"
EndProject
Project("{9A19103F-16F7-4668-BE54-9A1E7A4F7556}") = "YmiInfrastructure.IntegrationTests", "___Infrastructure\YmiInfrastructure.IntegrationTests\src\YmiInfrastructure.IntegrationTests.csproj", "{74775C3D-C416-42B0-ADB6-CA2974D280B8}"
EndProject
Project("{2150E333-8FDC-42A3-9474-1A3956D46DE8}") = "____Core", "____Core", "{45B7C723-0ADB-48B2-8878-AE06591D1146}"
EndProject
Project("{2150E333-8FDC-42A3-9474-1A3956D46DE8}") = "YmiCore.YmiTestData", "YmiCore.YmiTestData", "{A7A8C9B6-4D51-4D0E-9621-A66A893F5CED}"
EndProject
Project("{9A19103F-16F7-4668-BE54-9A1E7A4F7556}") = "YmiCore.YmiTestData", "____Core\YmiCore.YmiTestData\src\YmiCore.YmiTestData.csproj", "{057F0154-872D-452F-BD78-29779AFFA852}"
EndProject
Project("{2150E333-8FDC-42A3-9474-1A3956D46DE8}") = "_YmiCore", "_YmiCore", "{0585BCE8-5B3F-43FF-8CD4-3D25A622E1DE}"
EndProject
Project("{9A19103F-16F7-4668-BE54-9A1E7A4F7556}") = "YmiCore", "____Core\_YmiCore\src\YmiCore.csproj", "{6AE2E08D-00CE-460B-84D4-8F917C6FB4DE}"
EndProject
Project("{2150E333-8FDC-42A3-9474-1A3956D46DE8}") = "_YmiCore.UnitTests", "_YmiCore.UnitTests", "{48F8EF59-DCBF-4B86-9F9C-FA39DB3BCBD9}"
EndProject
Project("{9A19103F-16F7-4668-BE54-9A1E7A4F7556}") = "YmiCore.UnitTests", "____Core\_YmiCore.UnitTests\src\YmiCore.UnitTests.csproj", "{0F80C041-E61B-40AD-8379-659B7A49A405}"
EndProject
Global
	GlobalSection(SolutionConfigurationPlatforms) = preSolution
		Debug|Any CPU = Debug|Any CPU
		Release|Any CPU = Release|Any CPU
	EndGlobalSection
	GlobalSection(ProjectConfigurationPlatforms) = postSolution
		{E2121CD5-A5E7-46E7-A20A-836D58A88418}.Debug|Any CPU.ActiveCfg = Debug|Any CPU
		{E2121CD5-A5E7-46E7-A20A-836D58A88418}.Debug|Any CPU.Build.0 = Debug|Any CPU
		{E2121CD5-A5E7-46E7-A20A-836D58A88418}.Release|Any CPU.ActiveCfg = Release|Any CPU
		{E2121CD5-A5E7-46E7-A20A-836D58A88418}.Release|Any CPU.Build.0 = Release|Any CPU
		{59472183-CB85-4038-8826-7BDAA1B9EE44}.Debug|Any CPU.ActiveCfg = Debug|Any CPU
		{59472183-CB85-4038-8826-7BDAA1B9EE44}.Debug|Any CPU.Build.0 = Debug|Any CPU
		{59472183-CB85-4038-8826-7BDAA1B9EE44}.Release|Any CPU.ActiveCfg = Release|Any CPU
		{59472183-CB85-4038-8826-7BDAA1B9EE44}.Release|Any CPU.Build.0 = Release|Any CPU
		{E9BC0409-E7C1-4AC2-8183-CE597B8FF4E1}.Debug|Any CPU.ActiveCfg = Debug|Any CPU
		{E9BC0409-E7C1-4AC2-8183-CE597B8FF4E1}.Debug|Any CPU.Build.0 = Debug|Any CPU
		{E9BC0409-E7C1-4AC2-8183-CE597B8FF4E1}.Release|Any CPU.ActiveCfg = Release|Any CPU
		{E9BC0409-E7C1-4AC2-8183-CE597B8FF4E1}.Release|Any CPU.Build.0 = Release|Any CPU
		{A3533E31-43C4-4599-AACE-16E7E929F96B}.Debug|Any CPU.ActiveCfg = Debug|Any CPU
		{A3533E31-43C4-4599-AACE-16E7E929F96B}.Debug|Any CPU.Build.0 = Debug|Any CPU
		{A3533E31-43C4-4599-AACE-16E7E929F96B}.Release|Any CPU.ActiveCfg = Release|Any CPU
		{A3533E31-43C4-4599-AACE-16E7E929F96B}.Release|Any CPU.Build.0 = Release|Any CPU
		{53EEEF5C-C5D1-4C27-9607-33B1193552E1}.Debug|Any CPU.ActiveCfg = Debug|Any CPU
		{53EEEF5C-C5D1-4C27-9607-33B1193552E1}.Debug|Any CPU.Build.0 = Debug|Any CPU
		{53EEEF5C-C5D1-4C27-9607-33B1193552E1}.Release|Any CPU.ActiveCfg = Release|Any CPU
		{53EEEF5C-C5D1-4C27-9607-33B1193552E1}.Release|Any CPU.Build.0 = Release|Any CPU
		{10EE26BF-C2B4-4D00-95FB-A43FA369D818}.Debug|Any CPU.ActiveCfg = Debug|Any CPU
		{10EE26BF-C2B4-4D00-95FB-A43FA369D818}.Debug|Any CPU.Build.0 = Debug|Any CPU
		{10EE26BF-C2B4-4D00-95FB-A43FA369D818}.Release|Any CPU.ActiveCfg = Release|Any CPU
		{10EE26BF-C2B4-4D00-95FB-A43FA369D818}.Release|Any CPU.Build.0 = Release|Any CPU
		{E669A2C6-6C86-4CB8-84C5-0CFC111CB11B}.Debug|Any CPU.ActiveCfg = Debug|Any CPU
		{E669A2C6-6C86-4CB8-84C5-0CFC111CB11B}.Debug|Any CPU.Build.0 = Debug|Any CPU
		{E669A2C6-6C86-4CB8-84C5-0CFC111CB11B}.Release|Any CPU.ActiveCfg = Release|Any CPU
		{E669A2C6-6C86-4CB8-84C5-0CFC111CB11B}.Release|Any CPU.Build.0 = Release|Any CPU
		{63829BA6-BE12-4297-B0E2-5D4FB405D120}.Debug|Any CPU.ActiveCfg = Debug|Any CPU
		{63829BA6-BE12-4297-B0E2-5D4FB405D120}.Debug|Any CPU.Build.0 = Debug|Any CPU
		{63829BA6-BE12-4297-B0E2-5D4FB405D120}.Release|Any CPU.ActiveCfg = Release|Any CPU
		{63829BA6-BE12-4297-B0E2-5D4FB405D120}.Release|Any CPU.Build.0 = Release|Any CPU
		{86EC47D2-3AE0-471F-B006-2C6B1E5BD77B}.Debug|Any CPU.ActiveCfg = Debug|Any CPU
		{86EC47D2-3AE0-471F-B006-2C6B1E5BD77B}.Debug|Any CPU.Build.0 = Debug|Any CPU
		{86EC47D2-3AE0-471F-B006-2C6B1E5BD77B}.Release|Any CPU.ActiveCfg = Release|Any CPU
		{86EC47D2-3AE0-471F-B006-2C6B1E5BD77B}.Release|Any CPU.Build.0 = Release|Any CPU
		{AF42E083-742D-4C53-A1AF-A8E6F20DAAF2}.Debug|Any CPU.ActiveCfg = Debug|Any CPU
		{AF42E083-742D-4C53-A1AF-A8E6F20DAAF2}.Debug|Any CPU.Build.0 = Debug|Any CPU
		{AF42E083-742D-4C53-A1AF-A8E6F20DAAF2}.Release|Any CPU.ActiveCfg = Release|Any CPU
		{AF42E083-742D-4C53-A1AF-A8E6F20DAAF2}.Release|Any CPU.Build.0 = Release|Any CPU
		{74775C3D-C416-42B0-ADB6-CA2974D280B8}.Debug|Any CPU.ActiveCfg = Debug|Any CPU
		{74775C3D-C416-42B0-ADB6-CA2974D280B8}.Debug|Any CPU.Build.0 = Debug|Any CPU
		{74775C3D-C416-42B0-ADB6-CA2974D280B8}.Release|Any CPU.ActiveCfg = Release|Any CPU
		{74775C3D-C416-42B0-ADB6-CA2974D280B8}.Release|Any CPU.Build.0 = Release|Any CPU
		{057F0154-872D-452F-BD78-29779AFFA852}.Debug|Any CPU.ActiveCfg = Debug|Any CPU
		{057F0154-872D-452F-BD78-29779AFFA852}.Debug|Any CPU.Build.0 = Debug|Any CPU
		{057F0154-872D-452F-BD78-29779AFFA852}.Release|Any CPU.ActiveCfg = Release|Any CPU
		{057F0154-872D-452F-BD78-29779AFFA852}.Release|Any CPU.Build.0 = Release|Any CPU
		{6AE2E08D-00CE-460B-84D4-8F917C6FB4DE}.Debug|Any CPU.ActiveCfg = Debug|Any CPU
		{6AE2E08D-00CE-460B-84D4-8F917C6FB4DE}.Debug|Any CPU.Build.0 = Debug|Any CPU
		{6AE2E08D-00CE-460B-84D4-8F917C6FB4DE}.Release|Any CPU.ActiveCfg = Release|Any CPU
		{6AE2E08D-00CE-460B-84D4-8F917C6FB4DE}.Release|Any CPU.Build.0 = Release|Any CPU
		{0F80C041-E61B-40AD-8379-659B7A49A405}.Debug|Any CPU.ActiveCfg = Debug|Any CPU
		{0F80C041-E61B-40AD-8379-659B7A49A405}.Debug|Any CPU.Build.0 = Debug|Any CPU
		{0F80C041-E61B-40AD-8379-659B7A49A405}.Release|Any CPU.ActiveCfg = Release|Any CPU
		{0F80C041-E61B-40AD-8379-659B7A49A405}.Release|Any CPU.Build.0 = Release|Any CPU
	EndGlobalSection
	GlobalSection(SolutionProperties) = preSolution
		HideSolutionNode = FALSE
	EndGlobalSection
	GlobalSection(NestedProjects) = preSolution
		{85BA1276-E45E-4F24-8718-7EF60FA3EE78} = {E4A4832B-0DDF-4D34-AA7E-5F1FF7074797}
		{E2121CD5-A5E7-46E7-A20A-836D58A88418} = {85BA1276-E45E-4F24-8718-7EF60FA3EE78}
		{D9C87C2C-37BC-457E-B5B7-504BE223A014} = {E4A4832B-0DDF-4D34-AA7E-5F1FF7074797}
		{59472183-CB85-4038-8826-7BDAA1B9EE44} = {D9C87C2C-37BC-457E-B5B7-504BE223A014}
		{30BD10CF-3AE4-466B-B00E-D760CEBF5075} = {99766525-CA41-4F11-AE11-DD55C6C54B5A}
		{E9BC0409-E7C1-4AC2-8183-CE597B8FF4E1} = {30BD10CF-3AE4-466B-B00E-D760CEBF5075}
		{B5AB801C-202A-491A-BCFF-A2460CC1AA3C} = {99766525-CA41-4F11-AE11-DD55C6C54B5A}
		{A3533E31-43C4-4599-AACE-16E7E929F96B} = {B5AB801C-202A-491A-BCFF-A2460CC1AA3C}
		{7165FED7-C17D-4DD6-BC84-116F7AC70411} = {99766525-CA41-4F11-AE11-DD55C6C54B5A}
		{53EEEF5C-C5D1-4C27-9607-33B1193552E1} = {7165FED7-C17D-4DD6-BC84-116F7AC70411}
		{2EB98D1C-DE2A-497A-B608-3FD877427F79} = {433C3B96-B377-42FD-9907-B5124EA9046B}
		{10EE26BF-C2B4-4D00-95FB-A43FA369D818} = {2EB98D1C-DE2A-497A-B608-3FD877427F79}
		{B086E042-CF2B-4AC2-80BC-29AADA168F30} = {433C3B96-B377-42FD-9907-B5124EA9046B}
		{E669A2C6-6C86-4CB8-84C5-0CFC111CB11B} = {B086E042-CF2B-4AC2-80BC-29AADA168F30}
		{4087B762-1407-478E-8C94-B76BC132C89C} = {433C3B96-B377-42FD-9907-B5124EA9046B}
		{63829BA6-BE12-4297-B0E2-5D4FB405D120} = {4087B762-1407-478E-8C94-B76BC132C89C}
		{774DD2E2-61C2-4D81-B339-0D4D3B70E2F8} = {09EF25D5-8260-44D3-90C0-337077C52DB3}
		{86EC47D2-3AE0-471F-B006-2C6B1E5BD77B} = {774DD2E2-61C2-4D81-B339-0D4D3B70E2F8}
		{17E225F1-1CF2-4603-B0B8-BF029CE14AFA} = {79EBF745-CA08-42D0-A681-DE954D7076B1}
		{AF42E083-742D-4C53-A1AF-A8E6F20DAAF2} = {17E225F1-1CF2-4603-B0B8-BF029CE14AFA}
		{8557B0A2-5E6E-4F84-A189-A89CBECCD128} = {79EBF745-CA08-42D0-A681-DE954D7076B1}
		{74775C3D-C416-42B0-ADB6-CA2974D280B8} = {8557B0A2-5E6E-4F84-A189-A89CBECCD128}
		{A7A8C9B6-4D51-4D0E-9621-A66A893F5CED} = {45B7C723-0ADB-48B2-8878-AE06591D1146}
		{057F0154-872D-452F-BD78-29779AFFA852} = {A7A8C9B6-4D51-4D0E-9621-A66A893F5CED}
		{0585BCE8-5B3F-43FF-8CD4-3D25A622E1DE} = {45B7C723-0ADB-48B2-8878-AE06591D1146}
		{6AE2E08D-00CE-460B-84D4-8F917C6FB4DE} = {0585BCE8-5B3F-43FF-8CD4-3D25A622E1DE}
		{48F8EF59-DCBF-4B86-9F9C-FA39DB3BCBD9} = {45B7C723-0ADB-48B2-8878-AE06591D1146}
		{0F80C041-E61B-40AD-8379-659B7A49A405} = {48F8EF59-DCBF-4B86-9F9C-FA39DB3BCBD9}
	EndGlobalSection
	GlobalSection(ExtensibilityGlobals) = postSolution
		SolutionGuid = {ED16D11F-F52F-44FB-9FEC-8F10636D5C53}
	EndGlobalSection
EndGlobal
