
Microsoft Visual Studio Solution File, Format Version 12.00
# Visual Studio Version 17
VisualStudioVersion = 17.5.001.0
MinimumVisualStudioVersion = 10.0.40219.1
Project("{2150E333-8FDC-42A3-9474-1A3956D46DE8}") = "+API", "+API", "{C96C6392-154F-43AD-A181-54D8CAFF3FD2}"
EndProject
Project("{2150E333-8FDC-42A3-9474-1A3956D46DE8}") = "+AccountModuleApi", "+AccountModuleApi", "{4D7DF3D4-C851-4FE8-9C34-9496F9E43C84}"
EndProject
Project("{9A19103F-16F7-4668-BE54-9A1E7A4F7556}") = "AccountModuleApi", "+API\+AccountModuleApi\src\AccountModuleApi.csproj", "{EB6E158D-98E0-4D33-A573-6433F2EDD738}"
EndProject
Project("{2150E333-8FDC-42A3-9474-1A3956D46DE8}") = "UI", "UI", "{83D28CD2-0C90-49F6-99E7-970F647D785C}"
EndProject
Project("{2150E333-8FDC-42A3-9474-1A3956D46DE8}") = "AccountModuleBlazorModuleAdmin", "AccountModuleBlazorModuleAdmin", "{0329979E-AE21-4C54-9D13-F2BCE33154C0}"
EndProject
Project("{9A19103F-16F7-4668-BE54-9A1E7A4F7556}") = "AccountModuleBlazorModuleAdmin", "UI\AccountModuleBlazorModuleAdmin\src\AccountModuleBlazorModuleAdmin.csproj", "{86AD3E78-252B-45C4-AD21-5CE14179D12C}"
EndProject
Project("{2150E333-8FDC-42A3-9474-1A3956D46DE8}") = "_AccountModuleClientServiceLoader", "_AccountModuleClientServiceLoader", "{05EEE3EE-C827-4ED2-8BCA-22EE4827304B}"
EndProject
Project("{9A19103F-16F7-4668-BE54-9A1E7A4F7556}") = "AccountModuleClientServiceLoader", "UI\_AccountModuleClientServiceLoader\src\AccountModuleClientServiceLoader.csproj", "{7A423F7A-077F-474B-844D-3967CD850F9F}"
EndProject
Project("{2150E333-8FDC-42A3-9474-1A3956D46DE8}") = "_Application", "_Application", "{1B92B233-2E16-4DFC-AC3E-906B4C325E30}"
EndProject
Project("{2150E333-8FDC-42A3-9474-1A3956D46DE8}") = "AccountModuleApplication", "AccountModuleApplication", "{7570014C-939D-4D82-B24D-F00A6BE74D15}"
EndProject
Project("{9A19103F-16F7-4668-BE54-9A1E7A4F7556}") = "AccountModuleApplication", "_Application\AccountModuleApplication\src\AccountModuleApplication.csproj", "{CF667483-EA96-4E92-B5B0-2DD8CCBA0222}"
EndProject
Project("{2150E333-8FDC-42A3-9474-1A3956D46DE8}") = "_AccountModuleApplication.Shared", "_AccountModuleApplication.Shared", "{A7DF0B01-AD43-44E7-A3C9-2E40F319020F}"
EndProject
Project("{9A19103F-16F7-4668-BE54-9A1E7A4F7556}") = "AccountModuleApplication.Shared", "_Application\_AccountModuleApplication.Shared\src\AccountModuleApplication.Shared.csproj", "{B249C6E6-B618-4A36-9E9C-BB507651FBD7}"
EndProject
Project("{2150E333-8FDC-42A3-9474-1A3956D46DE8}") = "__Data", "__Data", "{B242CDF8-5E55-46F4-9846-0FBFE676ABED}"
EndProject
Project("{2150E333-8FDC-42A3-9474-1A3956D46DE8}") = "AccountModule.Data", "AccountModule.Data", "{789750E7-6B0B-455C-AF2B-BE664061B7D5}"
EndProject
Project("{9A19103F-16F7-4668-BE54-9A1E7A4F7556}") = "AccountModule.Data", "__Data\AccountModule.Data\src\AccountModule.Data.csproj", "{3A12330E-49D8-45EB-917C-F9B09ADE8516}"
EndProject
Project("{2150E333-8FDC-42A3-9474-1A3956D46DE8}") = "___Infrastructure", "___Infrastructure", "{F7171F58-291F-4605-835C-93187830DA69}"
EndProject
Project("{2150E333-8FDC-42A3-9474-1A3956D46DE8}") = "AccountModuleInfrastructure", "AccountModuleInfrastructure", "{C8A0379F-A0D3-4D58-9D05-78484E4513E6}"
EndProject
Project("{9A19103F-16F7-4668-BE54-9A1E7A4F7556}") = "AccountModuleInfrastructure", "___Infrastructure\AccountModuleInfrastructure\src\AccountModuleInfrastructure.csproj", "{F28E558A-ABF9-478C-B0C4-CCF72486BFF5}"
EndProject
Project("{2150E333-8FDC-42A3-9474-1A3956D46DE8}") = "____Core", "____Core", "{70F64E38-E2EC-42DE-ACEE-246250F14A2E}"
EndProject
Project("{2150E333-8FDC-42A3-9474-1A3956D46DE8}") = "AccountModuleCore.UnitTests", "AccountModuleCore.UnitTests", "{F46A65B9-1CC2-4286-9ED8-3C8156146B64}"
EndProject
Project("{9A19103F-16F7-4668-BE54-9A1E7A4F7556}") = "AccountModuleCore.UnitTests", "____Core\AccountModuleCore.UnitTests\src\AccountModuleCore.UnitTests.csproj", "{DD498636-2966-46E9-8687-F4DCCC9211CC}"
EndProject
Project("{2150E333-8FDC-42A3-9474-1A3956D46DE8}") = "_AccountModuleCore.TestData", "_AccountModuleCore.TestData", "{3855D982-B47B-4191-A660-90C338F502B3}"
EndProject
Project("{9A19103F-16F7-4668-BE54-9A1E7A4F7556}") = "AccountModuleCore.TestData", "____Core\_AccountModuleCore.TestData\src\AccountModuleCore.TestData.csproj", "{7F56EFD0-CA82-4BE9-84F7-C717D23F5DE3}"
EndProject
Project("{2150E333-8FDC-42A3-9474-1A3956D46DE8}") = "__AccountModuleCore", "__AccountModuleCore", "{92708034-0FDD-455C-A7FB-C3F628A56D5C}"
EndProject
Project("{9A19103F-16F7-4668-BE54-9A1E7A4F7556}") = "AccountModuleCore", "____Core\__AccountModuleCore\src\AccountModuleCore.csproj", "{84584773-37F6-4685-949F-3043945E4A34}"
EndProject
Global
	GlobalSection(SolutionConfigurationPlatforms) = preSolution
		Debug|Any CPU = Debug|Any CPU
		Release|Any CPU = Release|Any CPU
	EndGlobalSection
	GlobalSection(ProjectConfigurationPlatforms) = postSolution
		{EB6E158D-98E0-4D33-A573-6433F2EDD738}.Debug|Any CPU.ActiveCfg = Debug|Any CPU
		{EB6E158D-98E0-4D33-A573-6433F2EDD738}.Debug|Any CPU.Build.0 = Debug|Any CPU
		{EB6E158D-98E0-4D33-A573-6433F2EDD738}.Release|Any CPU.ActiveCfg = Release|Any CPU
		{EB6E158D-98E0-4D33-A573-6433F2EDD738}.Release|Any CPU.Build.0 = Release|Any CPU
		{86AD3E78-252B-45C4-AD21-5CE14179D12C}.Debug|Any CPU.ActiveCfg = Debug|Any CPU
		{86AD3E78-252B-45C4-AD21-5CE14179D12C}.Debug|Any CPU.Build.0 = Debug|Any CPU
		{86AD3E78-252B-45C4-AD21-5CE14179D12C}.Release|Any CPU.ActiveCfg = Release|Any CPU
		{86AD3E78-252B-45C4-AD21-5CE14179D12C}.Release|Any CPU.Build.0 = Release|Any CPU
		{7A423F7A-077F-474B-844D-3967CD850F9F}.Debug|Any CPU.ActiveCfg = Debug|Any CPU
		{7A423F7A-077F-474B-844D-3967CD850F9F}.Debug|Any CPU.Build.0 = Debug|Any CPU
		{7A423F7A-077F-474B-844D-3967CD850F9F}.Release|Any CPU.ActiveCfg = Release|Any CPU
		{7A423F7A-077F-474B-844D-3967CD850F9F}.Release|Any CPU.Build.0 = Release|Any CPU
		{CF667483-EA96-4E92-B5B0-2DD8CCBA0222}.Debug|Any CPU.ActiveCfg = Debug|Any CPU
		{CF667483-EA96-4E92-B5B0-2DD8CCBA0222}.Debug|Any CPU.Build.0 = Debug|Any CPU
		{CF667483-EA96-4E92-B5B0-2DD8CCBA0222}.Release|Any CPU.ActiveCfg = Release|Any CPU
		{CF667483-EA96-4E92-B5B0-2DD8CCBA0222}.Release|Any CPU.Build.0 = Release|Any CPU
		{B249C6E6-B618-4A36-9E9C-BB507651FBD7}.Debug|Any CPU.ActiveCfg = Debug|Any CPU
		{B249C6E6-B618-4A36-9E9C-BB507651FBD7}.Debug|Any CPU.Build.0 = Debug|Any CPU
		{B249C6E6-B618-4A36-9E9C-BB507651FBD7}.Release|Any CPU.ActiveCfg = Release|Any CPU
		{B249C6E6-B618-4A36-9E9C-BB507651FBD7}.Release|Any CPU.Build.0 = Release|Any CPU
		{3A12330E-49D8-45EB-917C-F9B09ADE8516}.Debug|Any CPU.ActiveCfg = Debug|Any CPU
		{3A12330E-49D8-45EB-917C-F9B09ADE8516}.Debug|Any CPU.Build.0 = Debug|Any CPU
		{3A12330E-49D8-45EB-917C-F9B09ADE8516}.Release|Any CPU.ActiveCfg = Release|Any CPU
		{3A12330E-49D8-45EB-917C-F9B09ADE8516}.Release|Any CPU.Build.0 = Release|Any CPU
		{F28E558A-ABF9-478C-B0C4-CCF72486BFF5}.Debug|Any CPU.ActiveCfg = Debug|Any CPU
		{F28E558A-ABF9-478C-B0C4-CCF72486BFF5}.Debug|Any CPU.Build.0 = Debug|Any CPU
		{F28E558A-ABF9-478C-B0C4-CCF72486BFF5}.Release|Any CPU.ActiveCfg = Release|Any CPU
		{F28E558A-ABF9-478C-B0C4-CCF72486BFF5}.Release|Any CPU.Build.0 = Release|Any CPU
		{DD498636-2966-46E9-8687-F4DCCC9211CC}.Debug|Any CPU.ActiveCfg = Debug|Any CPU
		{DD498636-2966-46E9-8687-F4DCCC9211CC}.Debug|Any CPU.Build.0 = Debug|Any CPU
		{DD498636-2966-46E9-8687-F4DCCC9211CC}.Release|Any CPU.ActiveCfg = Release|Any CPU
		{DD498636-2966-46E9-8687-F4DCCC9211CC}.Release|Any CPU.Build.0 = Release|Any CPU
		{7F56EFD0-CA82-4BE9-84F7-C717D23F5DE3}.Debug|Any CPU.ActiveCfg = Debug|Any CPU
		{7F56EFD0-CA82-4BE9-84F7-C717D23F5DE3}.Debug|Any CPU.Build.0 = Debug|Any CPU
		{7F56EFD0-CA82-4BE9-84F7-C717D23F5DE3}.Release|Any CPU.ActiveCfg = Release|Any CPU
		{7F56EFD0-CA82-4BE9-84F7-C717D23F5DE3}.Release|Any CPU.Build.0 = Release|Any CPU
		{84584773-37F6-4685-949F-3043945E4A34}.Debug|Any CPU.ActiveCfg = Debug|Any CPU
		{84584773-37F6-4685-949F-3043945E4A34}.Debug|Any CPU.Build.0 = Debug|Any CPU
		{84584773-37F6-4685-949F-3043945E4A34}.Release|Any CPU.ActiveCfg = Release|Any CPU
		{84584773-37F6-4685-949F-3043945E4A34}.Release|Any CPU.Build.0 = Release|Any CPU
	EndGlobalSection
	GlobalSection(SolutionProperties) = preSolution
		HideSolutionNode = FALSE
	EndGlobalSection
	GlobalSection(NestedProjects) = preSolution
		{4D7DF3D4-C851-4FE8-9C34-9496F9E43C84} = {C96C6392-154F-43AD-A181-54D8CAFF3FD2}
		{EB6E158D-98E0-4D33-A573-6433F2EDD738} = {4D7DF3D4-C851-4FE8-9C34-9496F9E43C84}
		{0329979E-AE21-4C54-9D13-F2BCE33154C0} = {83D28CD2-0C90-49F6-99E7-970F647D785C}
		{86AD3E78-252B-45C4-AD21-5CE14179D12C} = {0329979E-AE21-4C54-9D13-F2BCE33154C0}
		{05EEE3EE-C827-4ED2-8BCA-22EE4827304B} = {83D28CD2-0C90-49F6-99E7-970F647D785C}
		{7A423F7A-077F-474B-844D-3967CD850F9F} = {05EEE3EE-C827-4ED2-8BCA-22EE4827304B}
		{7570014C-939D-4D82-B24D-F00A6BE74D15} = {1B92B233-2E16-4DFC-AC3E-906B4C325E30}
		{CF667483-EA96-4E92-B5B0-2DD8CCBA0222} = {7570014C-939D-4D82-B24D-F00A6BE74D15}
		{A7DF0B01-AD43-44E7-A3C9-2E40F319020F} = {1B92B233-2E16-4DFC-AC3E-906B4C325E30}
		{B249C6E6-B618-4A36-9E9C-BB507651FBD7} = {A7DF0B01-AD43-44E7-A3C9-2E40F319020F}
		{789750E7-6B0B-455C-AF2B-BE664061B7D5} = {B242CDF8-5E55-46F4-9846-0FBFE676ABED}
		{3A12330E-49D8-45EB-917C-F9B09ADE8516} = {789750E7-6B0B-455C-AF2B-BE664061B7D5}
		{C8A0379F-A0D3-4D58-9D05-78484E4513E6} = {F7171F58-291F-4605-835C-93187830DA69}
		{F28E558A-ABF9-478C-B0C4-CCF72486BFF5} = {C8A0379F-A0D3-4D58-9D05-78484E4513E6}
		{F46A65B9-1CC2-4286-9ED8-3C8156146B64} = {70F64E38-E2EC-42DE-ACEE-246250F14A2E}
		{DD498636-2966-46E9-8687-F4DCCC9211CC} = {F46A65B9-1CC2-4286-9ED8-3C8156146B64}
		{3855D982-B47B-4191-A660-90C338F502B3} = {70F64E38-E2EC-42DE-ACEE-246250F14A2E}
		{7F56EFD0-CA82-4BE9-84F7-C717D23F5DE3} = {3855D982-B47B-4191-A660-90C338F502B3}
		{92708034-0FDD-455C-A7FB-C3F628A56D5C} = {70F64E38-E2EC-42DE-ACEE-246250F14A2E}
		{84584773-37F6-4685-949F-3043945E4A34} = {92708034-0FDD-455C-A7FB-C3F628A56D5C}
	EndGlobalSection
	GlobalSection(ExtensibilityGlobals) = postSolution
		SolutionGuid = {191A48A8-978A-4D2A-A5A4-F5AA9BC2C8B4}
	EndGlobalSection
EndGlobal
