
Microsoft Visual Studio Solution File, Format Version 12.00
# Visual Studio Version 17
VisualStudioVersion = 17.5.001.0
MinimumVisualStudioVersion = 10.0.40219.1
Project("{2150E333-8FDC-42A3-9474-1A3956D46DE8}") = "UI", "UI", "{4D4D6256-A89E-49AA-BE52-58AC72AF9CA6}"
EndProject
Project("{9A19103F-16F7-4668-BE54-9A1E7A4F7556}") = "KnownAccountBlazorModule", "UI\KnownAccountBlazorModuleAdmin\KnownAccountBlazorModule.csproj", "{2EDF11E1-DDC7-476C-8E05-369C83ED4BEC}"
EndProject
Project("{2150E333-8FDC-42A3-9474-1A3956D46DE8}") = "_Application", "_Application", "{8864D852-7F21-42B1-850F-FC50079DBCAC}"
EndProject
Project("{9A19103F-16F7-4668-BE54-9A1E7A4F7556}") = "AccountModuleApplication", "_Application\AccountModuleApplication\AccountModuleApplication.csproj", "{1A9E786E-0990-4E2C-94CA-0BAC964EA471}"
EndProject
Project("{9A19103F-16F7-4668-BE54-9A1E7A4F7556}") = "AccountModuleApplication.Shared", "_Application\_AccountModuleApplication.Shared\AccountModuleApplication.Shared.csproj", "{6D714C80-6013-4BCE-81B1-2C04D5E16778}"
EndProject
Project("{2150E333-8FDC-42A3-9474-1A3956D46DE8}") = "_KnownAccountApi.Common", "_KnownAccountApi.Common", "{ED06ECF9-2862-48D3-8B98-4EB2DD410122}"
EndProject
Project("{9A19103F-16F7-4668-BE54-9A1E7A4F7556}") = "KnownAccountApi.Common", "_KnownAccountApi.Common\src\KnownAccountApi.Common.csproj", "{92E4268E-1A73-4AF8-AC18-213A24294723}"
EndProject
Project("{2150E333-8FDC-42A3-9474-1A3956D46DE8}") = "_ModuleClientService", "_ModuleClientService", "{817AC84E-AD97-43B9-8274-BE76C10EFC45}"
EndProject
Project("{9A19103F-16F7-4668-BE54-9A1E7A4F7556}") = "ModuleClientService", "_ModuleClientService\src\ModuleClientService.csproj", "{7C17E4EB-CD36-4CD5-9271-8E41D79B1606}"
EndProject
Project("{2150E333-8FDC-42A3-9474-1A3956D46DE8}") = "_ModuleClientServiceLoader", "_ModuleClientServiceLoader", "{16051ECE-A1FE-4147-9E16-288EBB51D498}"
EndProject
Project("{9A19103F-16F7-4668-BE54-9A1E7A4F7556}") = "ModuleClientServiceLoader", "_ModuleClientServiceLoader\src\ModuleClientServiceLoader.csproj", "{883E9057-7149-45A7-8BF5-DE60DC9B65AE}"
EndProject
Project("{2150E333-8FDC-42A3-9474-1A3956D46DE8}") = "+API", "+API", "{A4F837A7-169F-48AA-A22E-F4F1E1F4911B}"
EndProject
Project("{2150E333-8FDC-42A3-9474-1A3956D46DE8}") = "+KnownAccountApi", "+KnownAccountApi", "{ED3CD1A1-3204-484C-8D81-E71CC00818FE}"
EndProject
Project("{9A19103F-16F7-4668-BE54-9A1E7A4F7556}") = "KnownAccountApi", "+API\+KnownAccountApi\src\KnownAccountApi.csproj", "{0C1114CA-889A-42AA-97E3-7108612F840D}"
EndProject
Project("{2150E333-8FDC-42A3-9474-1A3956D46DE8}") = "KnownAccountBlazorModuleAdmin", "KnownAccountBlazorModuleAdmin", "{6A4AC1B6-D9C0-4C3F-912F-C51B2E32827C}"
EndProject
Project("{9A19103F-16F7-4668-BE54-9A1E7A4F7556}") = "KnownAccountBlazorModuleAdmin", "UI\KnownAccountBlazorModuleAdmin\src\KnownAccountBlazorModuleAdmin.csproj", "{821CC756-0BA0-4EA1-854B-02510F0D7291}"
EndProject
Project("{2150E333-8FDC-42A3-9474-1A3956D46DE8}") = "__Data", "__Data", "{877035F0-4A11-4122-ACE7-B0A446D2D050}"
EndProject
Project("{2150E333-8FDC-42A3-9474-1A3956D46DE8}") = "AccountModule.Data", "AccountModule.Data", "{0F2A515E-82E8-4EC6-BFE0-437BFCE8D149}"
EndProject
Project("{9A19103F-16F7-4668-BE54-9A1E7A4F7556}") = "AccountModule.Data", "__Data\AccountModule.Data\src\AccountModule.Data.csproj", "{1EC0D50E-25F5-47F2-9532-622C397707C5}"
EndProject
Project("{2150E333-8FDC-42A3-9474-1A3956D46DE8}") = "___Infrastructure", "___Infrastructure", "{4243F8D3-52A3-4F43-9B53-D38B51263C49}"
EndProject
Project("{2150E333-8FDC-42A3-9474-1A3956D46DE8}") = "AccountModuleInfrastructure", "AccountModuleInfrastructure", "{B02421BD-D514-48DA-BDB6-08918D949EF7}"
EndProject
Project("{9A19103F-16F7-4668-BE54-9A1E7A4F7556}") = "AccountModuleInfrastructure", "___Infrastructure\AccountModuleInfrastructure\src\AccountModuleInfrastructure.csproj", "{F01A0841-70C6-45AD-A15D-2AE7BD6B4F2A}"
EndProject
Project("{2150E333-8FDC-42A3-9474-1A3956D46DE8}") = "____Core", "____Core", "{5DA83199-EC22-43AF-A53E-C60178A25988}"
EndProject
Project("{2150E333-8FDC-42A3-9474-1A3956D46DE8}") = "AccountModuleCore.UnitTests", "AccountModuleCore.UnitTests", "{DFA17A98-F498-406B-A0A6-520EDA47A544}"
EndProject
Project("{9A19103F-16F7-4668-BE54-9A1E7A4F7556}") = "AccountModuleCore.UnitTests", "____Core\AccountModuleCore.UnitTests\src\AccountModuleCore.UnitTests.csproj", "{20032A66-4AFD-4906-8011-AD7EC9264DF5}"
EndProject
Project("{2150E333-8FDC-42A3-9474-1A3956D46DE8}") = "_AccountModuleCore.TestData", "_AccountModuleCore.TestData", "{66878398-F8A4-43B6-8C6F-D855C59B4FCF}"
EndProject
Project("{9A19103F-16F7-4668-BE54-9A1E7A4F7556}") = "AccountModuleCore.KnownAccountTestData", "____Core\__AccountModuleCore.TestData\src\AccountModuleCore.KnownAccountTestData.csproj", "{C2231370-C359-4004-980F-CF34B98A7A34}"
EndProject
Project("{2150E333-8FDC-42A3-9474-1A3956D46DE8}") = "__KnownsAccountsCore", "__KnownsAccountsCore", "{A64E47BA-676A-4FFE-99E1-F8B1FF7E1B27}"
EndProject
Project("{9A19103F-16F7-4668-BE54-9A1E7A4F7556}") = "AccountModuleCore", "____Core\__KnownsAccountsCore\src\AccountModuleCore.csproj", "{61682D9B-B080-4488-8BE5-26215CBE5F30}"
EndProject
Global
	GlobalSection(SolutionConfigurationPlatforms) = preSolution
		Debug|Any CPU = Debug|Any CPU
		Release|Any CPU = Release|Any CPU
	EndGlobalSection
	GlobalSection(ProjectConfigurationPlatforms) = postSolution
		{2EDF11E1-DDC7-476C-8E05-369C83ED4BEC}.Debug|Any CPU.ActiveCfg = Debug|Any CPU
		{2EDF11E1-DDC7-476C-8E05-369C83ED4BEC}.Debug|Any CPU.Build.0 = Debug|Any CPU
		{2EDF11E1-DDC7-476C-8E05-369C83ED4BEC}.Release|Any CPU.ActiveCfg = Release|Any CPU
		{2EDF11E1-DDC7-476C-8E05-369C83ED4BEC}.Release|Any CPU.Build.0 = Release|Any CPU
		{1A9E786E-0990-4E2C-94CA-0BAC964EA471}.Debug|Any CPU.ActiveCfg = Debug|Any CPU
		{1A9E786E-0990-4E2C-94CA-0BAC964EA471}.Debug|Any CPU.Build.0 = Debug|Any CPU
		{1A9E786E-0990-4E2C-94CA-0BAC964EA471}.Release|Any CPU.ActiveCfg = Release|Any CPU
		{1A9E786E-0990-4E2C-94CA-0BAC964EA471}.Release|Any CPU.Build.0 = Release|Any CPU
		{6D714C80-6013-4BCE-81B1-2C04D5E16778}.Debug|Any CPU.ActiveCfg = Debug|Any CPU
		{6D714C80-6013-4BCE-81B1-2C04D5E16778}.Debug|Any CPU.Build.0 = Debug|Any CPU
		{6D714C80-6013-4BCE-81B1-2C04D5E16778}.Release|Any CPU.ActiveCfg = Release|Any CPU
		{6D714C80-6013-4BCE-81B1-2C04D5E16778}.Release|Any CPU.Build.0 = Release|Any CPU
		{92E4268E-1A73-4AF8-AC18-213A24294723}.Debug|Any CPU.ActiveCfg = Debug|Any CPU
		{92E4268E-1A73-4AF8-AC18-213A24294723}.Debug|Any CPU.Build.0 = Debug|Any CPU
		{92E4268E-1A73-4AF8-AC18-213A24294723}.Release|Any CPU.ActiveCfg = Release|Any CPU
		{92E4268E-1A73-4AF8-AC18-213A24294723}.Release|Any CPU.Build.0 = Release|Any CPU
		{7C17E4EB-CD36-4CD5-9271-8E41D79B1606}.Debug|Any CPU.ActiveCfg = Debug|Any CPU
		{7C17E4EB-CD36-4CD5-9271-8E41D79B1606}.Debug|Any CPU.Build.0 = Debug|Any CPU
		{7C17E4EB-CD36-4CD5-9271-8E41D79B1606}.Release|Any CPU.ActiveCfg = Release|Any CPU
		{7C17E4EB-CD36-4CD5-9271-8E41D79B1606}.Release|Any CPU.Build.0 = Release|Any CPU
		{883E9057-7149-45A7-8BF5-DE60DC9B65AE}.Debug|Any CPU.ActiveCfg = Debug|Any CPU
		{883E9057-7149-45A7-8BF5-DE60DC9B65AE}.Debug|Any CPU.Build.0 = Debug|Any CPU
		{883E9057-7149-45A7-8BF5-DE60DC9B65AE}.Release|Any CPU.ActiveCfg = Release|Any CPU
		{883E9057-7149-45A7-8BF5-DE60DC9B65AE}.Release|Any CPU.Build.0 = Release|Any CPU
		{0C1114CA-889A-42AA-97E3-7108612F840D}.Debug|Any CPU.ActiveCfg = Debug|Any CPU
		{0C1114CA-889A-42AA-97E3-7108612F840D}.Debug|Any CPU.Build.0 = Debug|Any CPU
		{0C1114CA-889A-42AA-97E3-7108612F840D}.Release|Any CPU.ActiveCfg = Release|Any CPU
		{0C1114CA-889A-42AA-97E3-7108612F840D}.Release|Any CPU.Build.0 = Release|Any CPU
		{821CC756-0BA0-4EA1-854B-02510F0D7291}.Debug|Any CPU.ActiveCfg = Debug|Any CPU
		{821CC756-0BA0-4EA1-854B-02510F0D7291}.Debug|Any CPU.Build.0 = Debug|Any CPU
		{821CC756-0BA0-4EA1-854B-02510F0D7291}.Release|Any CPU.ActiveCfg = Release|Any CPU
		{821CC756-0BA0-4EA1-854B-02510F0D7291}.Release|Any CPU.Build.0 = Release|Any CPU
		{1EC0D50E-25F5-47F2-9532-622C397707C5}.Debug|Any CPU.ActiveCfg = Debug|Any CPU
		{1EC0D50E-25F5-47F2-9532-622C397707C5}.Debug|Any CPU.Build.0 = Debug|Any CPU
		{1EC0D50E-25F5-47F2-9532-622C397707C5}.Release|Any CPU.ActiveCfg = Release|Any CPU
		{1EC0D50E-25F5-47F2-9532-622C397707C5}.Release|Any CPU.Build.0 = Release|Any CPU
		{F01A0841-70C6-45AD-A15D-2AE7BD6B4F2A}.Debug|Any CPU.ActiveCfg = Debug|Any CPU
		{F01A0841-70C6-45AD-A15D-2AE7BD6B4F2A}.Debug|Any CPU.Build.0 = Debug|Any CPU
		{F01A0841-70C6-45AD-A15D-2AE7BD6B4F2A}.Release|Any CPU.ActiveCfg = Release|Any CPU
		{F01A0841-70C6-45AD-A15D-2AE7BD6B4F2A}.Release|Any CPU.Build.0 = Release|Any CPU
		{20032A66-4AFD-4906-8011-AD7EC9264DF5}.Debug|Any CPU.ActiveCfg = Debug|Any CPU
		{20032A66-4AFD-4906-8011-AD7EC9264DF5}.Debug|Any CPU.Build.0 = Debug|Any CPU
		{20032A66-4AFD-4906-8011-AD7EC9264DF5}.Release|Any CPU.ActiveCfg = Release|Any CPU
		{20032A66-4AFD-4906-8011-AD7EC9264DF5}.Release|Any CPU.Build.0 = Release|Any CPU
		{C2231370-C359-4004-980F-CF34B98A7A34}.Debug|Any CPU.ActiveCfg = Debug|Any CPU
		{C2231370-C359-4004-980F-CF34B98A7A34}.Debug|Any CPU.Build.0 = Debug|Any CPU
		{C2231370-C359-4004-980F-CF34B98A7A34}.Release|Any CPU.ActiveCfg = Release|Any CPU
		{C2231370-C359-4004-980F-CF34B98A7A34}.Release|Any CPU.Build.0 = Release|Any CPU
		{61682D9B-B080-4488-8BE5-26215CBE5F30}.Debug|Any CPU.ActiveCfg = Debug|Any CPU
		{61682D9B-B080-4488-8BE5-26215CBE5F30}.Debug|Any CPU.Build.0 = Debug|Any CPU
		{61682D9B-B080-4488-8BE5-26215CBE5F30}.Release|Any CPU.ActiveCfg = Release|Any CPU
		{61682D9B-B080-4488-8BE5-26215CBE5F30}.Release|Any CPU.Build.0 = Release|Any CPU
	EndGlobalSection
	GlobalSection(SolutionProperties) = preSolution
		HideSolutionNode = FALSE
	EndGlobalSection
	GlobalSection(NestedProjects) = preSolution
		{2EDF11E1-DDC7-476C-8E05-369C83ED4BEC} = {4D4D6256-A89E-49AA-BE52-58AC72AF9CA6}
		{1A9E786E-0990-4E2C-94CA-0BAC964EA471} = {8864D852-7F21-42B1-850F-FC50079DBCAC}
		{6D714C80-6013-4BCE-81B1-2C04D5E16778} = {8864D852-7F21-42B1-850F-FC50079DBCAC}
		{92E4268E-1A73-4AF8-AC18-213A24294723} = {ED06ECF9-2862-48D3-8B98-4EB2DD410122}
		{7C17E4EB-CD36-4CD5-9271-8E41D79B1606} = {817AC84E-AD97-43B9-8274-BE76C10EFC45}
		{883E9057-7149-45A7-8BF5-DE60DC9B65AE} = {16051ECE-A1FE-4147-9E16-288EBB51D498}
		{ED3CD1A1-3204-484C-8D81-E71CC00818FE} = {A4F837A7-169F-48AA-A22E-F4F1E1F4911B}
		{0C1114CA-889A-42AA-97E3-7108612F840D} = {ED3CD1A1-3204-484C-8D81-E71CC00818FE}
		{6A4AC1B6-D9C0-4C3F-912F-C51B2E32827C} = {4D4D6256-A89E-49AA-BE52-58AC72AF9CA6}
		{821CC756-0BA0-4EA1-854B-02510F0D7291} = {6A4AC1B6-D9C0-4C3F-912F-C51B2E32827C}
		{0F2A515E-82E8-4EC6-BFE0-437BFCE8D149} = {877035F0-4A11-4122-ACE7-B0A446D2D050}
		{1EC0D50E-25F5-47F2-9532-622C397707C5} = {0F2A515E-82E8-4EC6-BFE0-437BFCE8D149}
		{B02421BD-D514-48DA-BDB6-08918D949EF7} = {4243F8D3-52A3-4F43-9B53-D38B51263C49}
		{F01A0841-70C6-45AD-A15D-2AE7BD6B4F2A} = {B02421BD-D514-48DA-BDB6-08918D949EF7}
		{DFA17A98-F498-406B-A0A6-520EDA47A544} = {5DA83199-EC22-43AF-A53E-C60178A25988}
		{20032A66-4AFD-4906-8011-AD7EC9264DF5} = {DFA17A98-F498-406B-A0A6-520EDA47A544}
		{66878398-F8A4-43B6-8C6F-D855C59B4FCF} = {5DA83199-EC22-43AF-A53E-C60178A25988}
		{C2231370-C359-4004-980F-CF34B98A7A34} = {66878398-F8A4-43B6-8C6F-D855C59B4FCF}
		{A64E47BA-676A-4FFE-99E1-F8B1FF7E1B27} = {5DA83199-EC22-43AF-A53E-C60178A25988}
		{61682D9B-B080-4488-8BE5-26215CBE5F30} = {A64E47BA-676A-4FFE-99E1-F8B1FF7E1B27}
	EndGlobalSection
	GlobalSection(ExtensibilityGlobals) = postSolution
		SolutionGuid = {8F766161-3108-4BC4-8CA3-9769481C1239}
	EndGlobalSection
EndGlobal
